// !$*UTF8*$!
{
	archiveVersion = 1;
	classes = {
	};
	objectVersion = 54;
	objects = {

/* Begin PBXBuildFile section */
		094240FABC099483D5BBA63C /* Pods_AppStoreSearchDemoCore.framework in Frameworks */ = {isa = PBXBuildFile; fileRef = 11CF3D0292657E77D00FF106 /* Pods_AppStoreSearchDemoCore.framework */; };
		3B1AFA62D274519ADFD7FFF8 /* Pods_AppStoreSearchDemo.framework in Frameworks */ = {isa = PBXBuildFile; fileRef = E78057F32E8523AF803C8117 /* Pods_AppStoreSearchDemo.framework */; };
		4F27CAE726C3EC76004116C2 /* SearchViewController.swift in Sources */ = {isa = PBXBuildFile; fileRef = 4F27CAE626C3EC76004116C2 /* SearchViewController.swift */; };
		4F27CAE926C3EC99004116C2 /* SearchFlow.swift in Sources */ = {isa = PBXBuildFile; fileRef = 4F27CAE826C3EC99004116C2 /* SearchFlow.swift */; };
		4F27CAEB26C3ECA8004116C2 /* SearchStep.swift in Sources */ = {isa = PBXBuildFile; fileRef = 4F27CAEA26C3ECA8004116C2 /* SearchStep.swift */; };
		4F27CAED26C3ECAF004116C2 /* SearchStepper.swift in Sources */ = {isa = PBXBuildFile; fileRef = 4F27CAEC26C3ECAF004116C2 /* SearchStepper.swift */; };
		4F27CAF226C3EF8B004116C2 /* UIViewController+loadFromNib.swift in Sources */ = {isa = PBXBuildFile; fileRef = 4F27CAF126C3EF8B004116C2 /* UIViewController+loadFromNib.swift */; };
		4F27CAF526C3F01C004116C2 /* UIView+loadFromNib.swift in Sources */ = {isa = PBXBuildFile; fileRef = 4F27CAF426C3F01C004116C2 /* UIView+loadFromNib.swift */; };
		4F27CAF726C3F070004116C2 /* SearchViewController.xib in Resources */ = {isa = PBXBuildFile; fileRef = 4F27CAF626C3F070004116C2 /* SearchViewController.xib */; };
		4F27CAFA26C3F109004116C2 /* RecentsViewController.swift in Sources */ = {isa = PBXBuildFile; fileRef = 4F27CAF926C3F109004116C2 /* RecentsViewController.swift */; };
		4F27CAFC26C3F124004116C2 /* RecentsViewController.xib in Resources */ = {isa = PBXBuildFile; fileRef = 4F27CAFB26C3F124004116C2 /* RecentsViewController.xib */; };
		4F27CAFE26C3F2CF004116C2 /* SearchService.swift in Sources */ = {isa = PBXBuildFile; fileRef = 4F27CAFD26C3F2CF004116C2 /* SearchService.swift */; };
		4F27CB0126C3F3E6004116C2 /* AppService.swift in Sources */ = {isa = PBXBuildFile; fileRef = 4F27CB0026C3F3E6004116C2 /* AppService.swift */; };
		4F27CB0326C3F4B1004116C2 /* RecentsViewModel.swift in Sources */ = {isa = PBXBuildFile; fileRef = 4F27CB0226C3F4B1004116C2 /* RecentsViewModel.swift */; };
		4F27CB0526C3F603004116C2 /* Stepable.swift in Sources */ = {isa = PBXBuildFile; fileRef = 4F27CB0426C3F603004116C2 /* Stepable.swift */; };
		4F27CB0826C3F8D0004116C2 /* DetailsViewController.swift in Sources */ = {isa = PBXBuildFile; fileRef = 4F27CB0726C3F8D0004116C2 /* DetailsViewController.swift */; };
		4F27CB0B26C3F8F5004116C2 /* DetailsFlow.swift in Sources */ = {isa = PBXBuildFile; fileRef = 4F27CB0A26C3F8F5004116C2 /* DetailsFlow.swift */; };
		4F27CB0D26C3F900004116C2 /* DetailsStep.swift in Sources */ = {isa = PBXBuildFile; fileRef = 4F27CB0C26C3F900004116C2 /* DetailsStep.swift */; };
		4F27CB0F26C3F908004116C2 /* DetailsStepper.swift in Sources */ = {isa = PBXBuildFile; fileRef = 4F27CB0E26C3F908004116C2 /* DetailsStepper.swift */; };
		4F27CB1126C3FB5E004116C2 /* SearchViewModel.swift in Sources */ = {isa = PBXBuildFile; fileRef = 4F27CB1026C3FB5E004116C2 /* SearchViewModel.swift */; };
		4F27CB1526C40089004116C2 /* DetailsViewModel.swift in Sources */ = {isa = PBXBuildFile; fileRef = 4F27CB1426C40089004116C2 /* DetailsViewModel.swift */; };
		4F27CB1726C40186004116C2 /* DetailsViewController.xib in Resources */ = {isa = PBXBuildFile; fileRef = 4F27CB1626C40186004116C2 /* DetailsViewController.xib */; };
		4F27CB1926C4046D004116C2 /* SearchSectionModel.swift in Sources */ = {isa = PBXBuildFile; fileRef = 4F27CB1826C4046D004116C2 /* SearchSectionModel.swift */; };
		4F27CB1B26C404C7004116C2 /* SearchItemModel.swift in Sources */ = {isa = PBXBuildFile; fileRef = 4F27CB1A26C404C7004116C2 /* SearchItemModel.swift */; };
		4F3A4B3C26C25DC9005B4922 /* AppFlow.swift in Sources */ = {isa = PBXBuildFile; fileRef = 4F3A4B3B26C25DC9005B4922 /* AppFlow.swift */; };
		4F3A4B3E26C26066005B4922 /* AppStep.swift in Sources */ = {isa = PBXBuildFile; fileRef = 4F3A4B3D26C26066005B4922 /* AppStep.swift */; };
		4F3A4B4026C265D2005B4922 /* AppStepper.swift in Sources */ = {isa = PBXBuildFile; fileRef = 4F3A4B3F26C265D2005B4922 /* AppStepper.swift */; };
		4F3A4B4626C266E4005B4922 /* TabBarFlow.swift in Sources */ = {isa = PBXBuildFile; fileRef = 4F3A4B4526C266E4005B4922 /* TabBarFlow.swift */; };
		4F3A4B4826C26754005B4922 /* TabBarStep.swift in Sources */ = {isa = PBXBuildFile; fileRef = 4F3A4B4726C26754005B4922 /* TabBarStep.swift */; };
		4F4F3CE426C4F48A0031343C /* UITableViewCell+reuseIdentifier.swift in Sources */ = {isa = PBXBuildFile; fileRef = 4F4F3CE326C4F48A0031343C /* UITableViewCell+reuseIdentifier.swift */; };
		4F4F3CE726C4F4D50031343C /* UITableView+register.swift in Sources */ = {isa = PBXBuildFile; fileRef = 4F4F3CE626C4F4D50031343C /* UITableView+register.swift */; };
		4F4F3CEC26C4FA9B0031343C /* Observable+withOnlyUnretained.swift in Sources */ = {isa = PBXBuildFile; fileRef = 4F4F3CEB26C4FA9B0031343C /* Observable+withOnlyUnretained.swift */; };
		4F6ACF8926C1137900141987 /* ITSServiceRepository.swift in Sources */ = {isa = PBXBuildFile; fileRef = 4F6ACF8826C1137900141987 /* ITSServiceRepository.swift */; };
		4F6ACF8B26C115C200141987 /* SoftwareInfo.swift in Sources */ = {isa = PBXBuildFile; fileRef = 4F6ACF8A26C115C200141987 /* SoftwareInfo.swift */; };
		4F6ACF8E26C119D100141987 /* SoftwareInfoDTO.swift in Sources */ = {isa = PBXBuildFile; fileRef = 4F6ACF8D26C119D100141987 /* SoftwareInfoDTO.swift */; };
		4F6ACF9126C11EED00141987 /* ITSServiceRepositoryImpl.swift in Sources */ = {isa = PBXBuildFile; fileRef = 4F6ACF9026C11EED00141987 /* ITSServiceRepositoryImpl.swift */; };
		4F6ACF9326C11FFF00141987 /* ITSServiceRepositoryTest.swift in Sources */ = {isa = PBXBuildFile; fileRef = 4F6ACF9226C11FFF00141987 /* ITSServiceRepositoryTest.swift */; };
		4F6ACF9626C1212400141987 /* GetSoftwareInfosUseCase.swift in Sources */ = {isa = PBXBuildFile; fileRef = 4F6ACF9526C1212400141987 /* GetSoftwareInfosUseCase.swift */; };
		4F6ACF9826C1219000141987 /* RecentKeywordRepository.swift in Sources */ = {isa = PBXBuildFile; fileRef = 4F6ACF9726C1219000141987 /* RecentKeywordRepository.swift */; };
		4F6ACF9A26C1239C00141987 /* RecentKeywordRepositoryImpl.swift in Sources */ = {isa = PBXBuildFile; fileRef = 4F6ACF9926C1239C00141987 /* RecentKeywordRepositoryImpl.swift */; };
		4F6ACF9C26C1245C00141987 /* GetRecentKeywordUseCase.swift in Sources */ = {isa = PBXBuildFile; fileRef = 4F6ACF9B26C1245C00141987 /* GetRecentKeywordUseCase.swift */; };
		4F6ACF9E26C126FC00141987 /* CreateRecentKeywordUseCase.swift in Sources */ = {isa = PBXBuildFile; fileRef = 4F6ACF9D26C126FC00141987 /* CreateRecentKeywordUseCase.swift */; };
		4F6ACFA026C1275000141987 /* ObserveRecentKeywordUseCase.swift in Sources */ = {isa = PBXBuildFile; fileRef = 4F6ACF9F26C1275000141987 /* ObserveRecentKeywordUseCase.swift */; };
		4F6ACFA826C127D100141987 /* SoftwareInfoDTOTest.swift in Sources */ = {isa = PBXBuildFile; fileRef = 4F6ACFA726C127D100141987 /* SoftwareInfoDTOTest.swift */; };
		4F6ACFAD26C1297000141987 /* software_request_data_example.json in Resources */ = {isa = PBXBuildFile; fileRef = 4F6ACFAA26C1280D00141987 /* software_request_data_example.json */; };
		4F6ACFAF26C12A3100141987 /* RecentKeywordRepositoryTest.swift in Sources */ = {isa = PBXBuildFile; fileRef = 4F6ACFAE26C12A3100141987 /* RecentKeywordRepositoryTest.swift */; };
		4F6ACFB126C12BD600141987 /* GetSoftwareInfosUseCaseTest.swift in Sources */ = {isa = PBXBuildFile; fileRef = 4F6ACFB026C12BD600141987 /* GetSoftwareInfosUseCaseTest.swift */; };
		4F6ACFB326C12C5600141987 /* GetRecentKeywordUseCaseTest.swift in Sources */ = {isa = PBXBuildFile; fileRef = 4F6ACFB226C12C5600141987 /* GetRecentKeywordUseCaseTest.swift */; };
		4F6ACFB526C12C8B00141987 /* CreateRecentKeywordUseCaseTest.swift in Sources */ = {isa = PBXBuildFile; fileRef = 4F6ACFB426C12C8B00141987 /* CreateRecentKeywordUseCaseTest.swift */; };
		4F6ACFB726C12CCB00141987 /* ObserveRecentKeywordUseCaseTest.swift in Sources */ = {isa = PBXBuildFile; fileRef = 4F6ACFB626C12CCB00141987 /* ObserveRecentKeywordUseCaseTest.swift */; };
		4F9350BB26C58D8400F90505 /* RecentsSectionModel.swift in Sources */ = {isa = PBXBuildFile; fileRef = 4F9350BA26C58D8400F90505 /* RecentsSectionModel.swift */; };
		4F9350BD26C58DBE00F90505 /* RecentsItemModel.swift in Sources */ = {isa = PBXBuildFile; fileRef = 4F9350BC26C58DBE00F90505 /* RecentsItemModel.swift */; };
		4F9350C126C5991700F90505 /* SearchSoftwareInfoConfiguration.swift in Sources */ = {isa = PBXBuildFile; fileRef = 4F9350C026C5991700F90505 /* SearchSoftwareInfoConfiguration.swift */; };
		4F9350C326C5993E00F90505 /* SearchSoftwareInfoContentView.swift in Sources */ = {isa = PBXBuildFile; fileRef = 4F9350C226C5993E00F90505 /* SearchSoftwareInfoContentView.swift */; };
		4F9350C526C59A7100F90505 /* UIView+removeAllSubviews.swift in Sources */ = {isa = PBXBuildFile; fileRef = 4F9350C426C59A7100F90505 /* UIView+removeAllSubviews.swift */; };
		4F9350C726C59ADE00F90505 /* SearchSoftwareInfoContentView.xib in Resources */ = {isa = PBXBuildFile; fileRef = 4F9350C626C59ADE00F90505 /* SearchSoftwareInfoContentView.xib */; };
		4F9350CA26C5A46C00F90505 /* DetailsSectionModel.swift in Sources */ = {isa = PBXBuildFile; fileRef = 4F9350C926C5A46C00F90505 /* DetailsSectionModel.swift */; };
		4F9350CC26C5A4DD00F90505 /* DetailsItemModel.swift in Sources */ = {isa = PBXBuildFile; fileRef = 4F9350CB26C5A4DD00F90505 /* DetailsItemModel.swift */; };
		4F9350CE26C5A7DA00F90505 /* DetailsIntroConfiguration.swift in Sources */ = {isa = PBXBuildFile; fileRef = 4F9350CD26C5A7DA00F90505 /* DetailsIntroConfiguration.swift */; };
		4F9350D026C5A80100F90505 /* DetailsIntroContentView.swift in Sources */ = {isa = PBXBuildFile; fileRef = 4F9350CF26C5A80100F90505 /* DetailsIntroContentView.swift */; };
		4F9350D226C5A80700F90505 /* DetailsIntroContentView.xib in Resources */ = {isa = PBXBuildFile; fileRef = 4F9350D126C5A80700F90505 /* DetailsIntroContentView.xib */; };
		4F9350D426C5B24700F90505 /* DetailsPreviewsConfiguration.swift in Sources */ = {isa = PBXBuildFile; fileRef = 4F9350D326C5B24700F90505 /* DetailsPreviewsConfiguration.swift */; };
		4F9350D626C5B2B200F90505 /* DetailsPreviewsContentView.swift in Sources */ = {isa = PBXBuildFile; fileRef = 4F9350D526C5B2B200F90505 /* DetailsPreviewsContentView.swift */; };
		4F9350D826C5B2B800F90505 /* DetailsPreviewsContentView.xib in Resources */ = {isa = PBXBuildFile; fileRef = 4F9350D726C5B2B800F90505 /* DetailsPreviewsContentView.xib */; };
		4F9350DA26C5B65D00F90505 /* DetailsPreviewConfiguration.swift in Sources */ = {isa = PBXBuildFile; fileRef = 4F9350D926C5B65D00F90505 /* DetailsPreviewConfiguration.swift */; };
		4F9350DC26C5B68300F90505 /* DetailsPreviewContentView.swift in Sources */ = {isa = PBXBuildFile; fileRef = 4F9350DB26C5B68300F90505 /* DetailsPreviewContentView.swift */; };
		4F9350DE26C5B68C00F90505 /* DetailsPreviewContentView.xib in Resources */ = {isa = PBXBuildFile; fileRef = 4F9350DD26C5B68C00F90505 /* DetailsPreviewContentView.xib */; };
		4F9350E026C5B7F600F90505 /* DetailsPreviewsContentViewModel.swift in Sources */ = {isa = PBXBuildFile; fileRef = 4F9350DF26C5B7F600F90505 /* DetailsPreviewsContentViewModel.swift */; };
		4F9350E626C5B88D00F90505 /* DetailsPreviewsSectionModel.swift in Sources */ = {isa = PBXBuildFile; fileRef = 4F9350E526C5B88D00F90505 /* DetailsPreviewsSectionModel.swift */; };
		4F9350E826C5B8DC00F90505 /* DetailsPreviewsItemModel.swift in Sources */ = {isa = PBXBuildFile; fileRef = 4F9350E726C5B8DC00F90505 /* DetailsPreviewsItemModel.swift */; };
		4F9350EE26C5BB8100F90505 /* UICollectionView+register.swift in Sources */ = {isa = PBXBuildFile; fileRef = 4F9350ED26C5BB8100F90505 /* UICollectionView+register.swift */; };
		4F9350F026C5BBA700F90505 /* UICollectionViewCell+reuseIdentifer.swift in Sources */ = {isa = PBXBuildFile; fileRef = 4F9350EF26C5BBA700F90505 /* UICollectionViewCell+reuseIdentifer.swift */; };
		4FC29B5D26BA360C001AADAB /* AppDelegate.swift in Sources */ = {isa = PBXBuildFile; fileRef = 4FC29B5C26BA360C001AADAB /* AppDelegate.swift */; };
		4FC29B6126BA360C001AADAB /* ViewController.swift in Sources */ = {isa = PBXBuildFile; fileRef = 4FC29B6026BA360C001AADAB /* ViewController.swift */; };
		4FC29B6626BA360F001AADAB /* Assets.xcassets in Resources */ = {isa = PBXBuildFile; fileRef = 4FC29B6526BA360F001AADAB /* Assets.xcassets */; };
		4FC29B6926BA360F001AADAB /* LaunchScreen.storyboard in Resources */ = {isa = PBXBuildFile; fileRef = 4FC29B6726BA360F001AADAB /* LaunchScreen.storyboard */; };
		4FC29B9726BA385C001AADAB /* AppStoreSearchDemoCore.framework in Frameworks */ = {isa = PBXBuildFile; fileRef = 4FC29B8F26BA385C001AADAB /* AppStoreSearchDemoCore.framework */; };
		4FC29B9F26BA385C001AADAB /* AppStoreSearchDemoCore.h in Headers */ = {isa = PBXBuildFile; fileRef = 4FC29B9126BA385C001AADAB /* AppStoreSearchDemoCore.h */; settings = {ATTRIBUTES = (Public, ); }; };
		4FC29BA226BA385C001AADAB /* AppStoreSearchDemoCore.framework in Frameworks */ = {isa = PBXBuildFile; fileRef = 4FC29B8F26BA385C001AADAB /* AppStoreSearchDemoCore.framework */; };
		4FC29BA326BA385C001AADAB /* AppStoreSearchDemoCore.framework in Embed Frameworks */ = {isa = PBXBuildFile; fileRef = 4FC29B8F26BA385C001AADAB /* AppStoreSearchDemoCore.framework */; settings = {ATTRIBUTES = (CodeSignOnCopy, RemoveHeadersOnCopy, ); }; };
		F301DB0926BBC9A700392276 /* ITSServiceType.swift in Sources */ = {isa = PBXBuildFile; fileRef = F301DB0826BBC9A700392276 /* ITSServiceType.swift */; };
		F301DB0B26BBD60500392276 /* RecentKeyword.swift in Sources */ = {isa = PBXBuildFile; fileRef = F301DB0A26BBD60500392276 /* RecentKeyword.swift */; };
		F32524C426BA66CA00CD64A0 /* Network.swift in Sources */ = {isa = PBXBuildFile; fileRef = F32524C326BA66CA00CD64A0 /* Network.swift */; };
		F32524C726BA66E100CD64A0 /* NetworkImpl.swift in Sources */ = {isa = PBXBuildFile; fileRef = F32524C626BA66E100CD64A0 /* NetworkImpl.swift */; };
		F32524CF26BA6E3F00CD64A0 /* ITSServiceNetworkTest.swift in Sources */ = {isa = PBXBuildFile; fileRef = F32524CE26BA6E3F00CD64A0 /* ITSServiceNetworkTest.swift */; };
		F32524D226BA71B400CD64A0 /* Log.swift in Sources */ = {isa = PBXBuildFile; fileRef = F32524D126BA71B400CD64A0 /* Log.swift */; };
		F32524D426BA726F00CD64A0 /* AppStoreSearchDemoUITests.swift in Sources */ = {isa = PBXBuildFile; fileRef = F32524D326BA726F00CD64A0 /* AppStoreSearchDemoUITests.swift */; };
		F32524DC26BA7B6800CD64A0 /* LocalRealm.swift in Sources */ = {isa = PBXBuildFile; fileRef = F32524DB26BA7B6800CD64A0 /* LocalRealm.swift */; };
		F32524DE26BA7B6E00CD64A0 /* LocalRealmImpl.swift in Sources */ = {isa = PBXBuildFile; fileRef = F32524DD26BA7B6E00CD64A0 /* LocalRealmImpl.swift */; };
		F32524E026BA8DB900CD64A0 /* Results+objects.swift in Sources */ = {isa = PBXBuildFile; fileRef = F32524DF26BA8DB900CD64A0 /* Results+objects.swift */; };
		F32524E426BA905000CD64A0 /* RecentKeywordTest.swift in Sources */ = {isa = PBXBuildFile; fileRef = F32524E326BA905000CD64A0 /* RecentKeywordTest.swift */; };
		FCE26AFFE2A12ACF864F0675 /* Pods_AppStoreSearchDemoCoreTests.framework in Frameworks */ = {isa = PBXBuildFile; fileRef = BA3E55EC3CC1C3D77818AC1F /* Pods_AppStoreSearchDemoCoreTests.framework */; };
/* End PBXBuildFile section */

/* Begin PBXContainerItemProxy section */
		4FC29B7A26BA3610001AADAB /* PBXContainerItemProxy */ = {
			isa = PBXContainerItemProxy;
			containerPortal = 4FC29B5126BA360C001AADAB /* Project object */;
			proxyType = 1;
			remoteGlobalIDString = 4FC29B5826BA360C001AADAB;
			remoteInfo = AppStoreSearchDemo;
		};
		4FC29B9826BA385C001AADAB /* PBXContainerItemProxy */ = {
			isa = PBXContainerItemProxy;
			containerPortal = 4FC29B5126BA360C001AADAB /* Project object */;
			proxyType = 1;
			remoteGlobalIDString = 4FC29B8E26BA385C001AADAB;
			remoteInfo = AppStoreSearchDemoCore;
		};
		4FC29B9A26BA385C001AADAB /* PBXContainerItemProxy */ = {
			isa = PBXContainerItemProxy;
			containerPortal = 4FC29B5126BA360C001AADAB /* Project object */;
			proxyType = 1;
			remoteGlobalIDString = 4FC29B5826BA360C001AADAB;
			remoteInfo = AppStoreSearchDemo;
		};
		4FC29BA026BA385C001AADAB /* PBXContainerItemProxy */ = {
			isa = PBXContainerItemProxy;
			containerPortal = 4FC29B5126BA360C001AADAB /* Project object */;
			proxyType = 1;
			remoteGlobalIDString = 4FC29B8E26BA385C001AADAB;
			remoteInfo = AppStoreSearchDemoCore;
		};
/* End PBXContainerItemProxy section */

/* Begin PBXCopyFilesBuildPhase section */
		4FC29BA726BA385C001AADAB /* Embed Frameworks */ = {
			isa = PBXCopyFilesBuildPhase;
			buildActionMask = 2147483647;
			dstPath = "";
			dstSubfolderSpec = 10;
			files = (
				4FC29BA326BA385C001AADAB /* AppStoreSearchDemoCore.framework in Embed Frameworks */,
			);
			name = "Embed Frameworks";
			runOnlyForDeploymentPostprocessing = 0;
		};
/* End PBXCopyFilesBuildPhase section */

/* Begin PBXFileReference section */
		01C07BCED67E0B64ABA813FD /* Pods-AppStoreSearchDemoCore.release.xcconfig */ = {isa = PBXFileReference; includeInIndex = 1; lastKnownFileType = text.xcconfig; name = "Pods-AppStoreSearchDemoCore.release.xcconfig"; path = "Target Support Files/Pods-AppStoreSearchDemoCore/Pods-AppStoreSearchDemoCore.release.xcconfig"; sourceTree = "<group>"; };
		11CF3D0292657E77D00FF106 /* Pods_AppStoreSearchDemoCore.framework */ = {isa = PBXFileReference; explicitFileType = wrapper.framework; includeInIndex = 0; path = Pods_AppStoreSearchDemoCore.framework; sourceTree = BUILT_PRODUCTS_DIR; };
		31C6A9131AF0900CF015D926 /* Pods-AppStoreSearchDemoCoreTests.debug.xcconfig */ = {isa = PBXFileReference; includeInIndex = 1; lastKnownFileType = text.xcconfig; name = "Pods-AppStoreSearchDemoCoreTests.debug.xcconfig"; path = "Target Support Files/Pods-AppStoreSearchDemoCoreTests/Pods-AppStoreSearchDemoCoreTests.debug.xcconfig"; sourceTree = "<group>"; };
		4F27CAE626C3EC76004116C2 /* SearchViewController.swift */ = {isa = PBXFileReference; lastKnownFileType = sourcecode.swift; path = SearchViewController.swift; sourceTree = "<group>"; };
		4F27CAE826C3EC99004116C2 /* SearchFlow.swift */ = {isa = PBXFileReference; lastKnownFileType = sourcecode.swift; path = SearchFlow.swift; sourceTree = "<group>"; };
		4F27CAEA26C3ECA8004116C2 /* SearchStep.swift */ = {isa = PBXFileReference; lastKnownFileType = sourcecode.swift; path = SearchStep.swift; sourceTree = "<group>"; };
		4F27CAEC26C3ECAF004116C2 /* SearchStepper.swift */ = {isa = PBXFileReference; lastKnownFileType = sourcecode.swift; path = SearchStepper.swift; sourceTree = "<group>"; };
		4F27CAF126C3EF8B004116C2 /* UIViewController+loadFromNib.swift */ = {isa = PBXFileReference; lastKnownFileType = sourcecode.swift; path = "UIViewController+loadFromNib.swift"; sourceTree = "<group>"; };
		4F27CAF426C3F01C004116C2 /* UIView+loadFromNib.swift */ = {isa = PBXFileReference; lastKnownFileType = sourcecode.swift; path = "UIView+loadFromNib.swift"; sourceTree = "<group>"; };
		4F27CAF626C3F070004116C2 /* SearchViewController.xib */ = {isa = PBXFileReference; lastKnownFileType = file.xib; path = SearchViewController.xib; sourceTree = "<group>"; };
		4F27CAF926C3F109004116C2 /* RecentsViewController.swift */ = {isa = PBXFileReference; lastKnownFileType = sourcecode.swift; path = RecentsViewController.swift; sourceTree = "<group>"; };
		4F27CAFB26C3F124004116C2 /* RecentsViewController.xib */ = {isa = PBXFileReference; lastKnownFileType = file.xib; path = RecentsViewController.xib; sourceTree = "<group>"; };
		4F27CAFD26C3F2CF004116C2 /* SearchService.swift */ = {isa = PBXFileReference; lastKnownFileType = sourcecode.swift; path = SearchService.swift; sourceTree = "<group>"; };
		4F27CB0026C3F3E6004116C2 /* AppService.swift */ = {isa = PBXFileReference; lastKnownFileType = sourcecode.swift; path = AppService.swift; sourceTree = "<group>"; };
		4F27CB0226C3F4B1004116C2 /* RecentsViewModel.swift */ = {isa = PBXFileReference; lastKnownFileType = sourcecode.swift; path = RecentsViewModel.swift; sourceTree = "<group>"; };
		4F27CB0426C3F603004116C2 /* Stepable.swift */ = {isa = PBXFileReference; lastKnownFileType = sourcecode.swift; path = Stepable.swift; sourceTree = "<group>"; };
		4F27CB0726C3F8D0004116C2 /* DetailsViewController.swift */ = {isa = PBXFileReference; lastKnownFileType = sourcecode.swift; path = DetailsViewController.swift; sourceTree = "<group>"; };
		4F27CB0A26C3F8F5004116C2 /* DetailsFlow.swift */ = {isa = PBXFileReference; lastKnownFileType = sourcecode.swift; path = DetailsFlow.swift; sourceTree = "<group>"; };
		4F27CB0C26C3F900004116C2 /* DetailsStep.swift */ = {isa = PBXFileReference; lastKnownFileType = sourcecode.swift; path = DetailsStep.swift; sourceTree = "<group>"; };
		4F27CB0E26C3F908004116C2 /* DetailsStepper.swift */ = {isa = PBXFileReference; lastKnownFileType = sourcecode.swift; path = DetailsStepper.swift; sourceTree = "<group>"; };
		4F27CB1026C3FB5E004116C2 /* SearchViewModel.swift */ = {isa = PBXFileReference; lastKnownFileType = sourcecode.swift; path = SearchViewModel.swift; sourceTree = "<group>"; };
		4F27CB1426C40089004116C2 /* DetailsViewModel.swift */ = {isa = PBXFileReference; lastKnownFileType = sourcecode.swift; path = DetailsViewModel.swift; sourceTree = "<group>"; };
		4F27CB1626C40186004116C2 /* DetailsViewController.xib */ = {isa = PBXFileReference; lastKnownFileType = file.xib; path = DetailsViewController.xib; sourceTree = "<group>"; };
		4F27CB1826C4046D004116C2 /* SearchSectionModel.swift */ = {isa = PBXFileReference; lastKnownFileType = sourcecode.swift; path = SearchSectionModel.swift; sourceTree = "<group>"; };
		4F27CB1A26C404C7004116C2 /* SearchItemModel.swift */ = {isa = PBXFileReference; lastKnownFileType = sourcecode.swift; path = SearchItemModel.swift; sourceTree = "<group>"; };
		4F3A4B3B26C25DC9005B4922 /* AppFlow.swift */ = {isa = PBXFileReference; lastKnownFileType = sourcecode.swift; path = AppFlow.swift; sourceTree = "<group>"; };
		4F3A4B3D26C26066005B4922 /* AppStep.swift */ = {isa = PBXFileReference; lastKnownFileType = sourcecode.swift; path = AppStep.swift; sourceTree = "<group>"; };
		4F3A4B3F26C265D2005B4922 /* AppStepper.swift */ = {isa = PBXFileReference; lastKnownFileType = sourcecode.swift; path = AppStepper.swift; sourceTree = "<group>"; };
		4F3A4B4526C266E4005B4922 /* TabBarFlow.swift */ = {isa = PBXFileReference; lastKnownFileType = sourcecode.swift; path = TabBarFlow.swift; sourceTree = "<group>"; };
		4F3A4B4726C26754005B4922 /* TabBarStep.swift */ = {isa = PBXFileReference; lastKnownFileType = sourcecode.swift; path = TabBarStep.swift; sourceTree = "<group>"; };
		4F4F3CE326C4F48A0031343C /* UITableViewCell+reuseIdentifier.swift */ = {isa = PBXFileReference; lastKnownFileType = sourcecode.swift; path = "UITableViewCell+reuseIdentifier.swift"; sourceTree = "<group>"; };
		4F4F3CE626C4F4D50031343C /* UITableView+register.swift */ = {isa = PBXFileReference; lastKnownFileType = sourcecode.swift; path = "UITableView+register.swift"; sourceTree = "<group>"; };
		4F4F3CEB26C4FA9B0031343C /* Observable+withOnlyUnretained.swift */ = {isa = PBXFileReference; lastKnownFileType = sourcecode.swift; path = "Observable+withOnlyUnretained.swift"; sourceTree = "<group>"; };
		4F6ACF8826C1137900141987 /* ITSServiceRepository.swift */ = {isa = PBXFileReference; lastKnownFileType = sourcecode.swift; path = ITSServiceRepository.swift; sourceTree = "<group>"; };
		4F6ACF8A26C115C200141987 /* SoftwareInfo.swift */ = {isa = PBXFileReference; lastKnownFileType = sourcecode.swift; path = SoftwareInfo.swift; sourceTree = "<group>"; };
		4F6ACF8D26C119D100141987 /* SoftwareInfoDTO.swift */ = {isa = PBXFileReference; lastKnownFileType = sourcecode.swift; path = SoftwareInfoDTO.swift; sourceTree = "<group>"; };
		4F6ACF9026C11EED00141987 /* ITSServiceRepositoryImpl.swift */ = {isa = PBXFileReference; lastKnownFileType = sourcecode.swift; path = ITSServiceRepositoryImpl.swift; sourceTree = "<group>"; };
		4F6ACF9226C11FFF00141987 /* ITSServiceRepositoryTest.swift */ = {isa = PBXFileReference; lastKnownFileType = sourcecode.swift; path = ITSServiceRepositoryTest.swift; sourceTree = "<group>"; };
		4F6ACF9526C1212400141987 /* GetSoftwareInfosUseCase.swift */ = {isa = PBXFileReference; lastKnownFileType = sourcecode.swift; path = GetSoftwareInfosUseCase.swift; sourceTree = "<group>"; };
		4F6ACF9726C1219000141987 /* RecentKeywordRepository.swift */ = {isa = PBXFileReference; lastKnownFileType = sourcecode.swift; path = RecentKeywordRepository.swift; sourceTree = "<group>"; };
		4F6ACF9926C1239C00141987 /* RecentKeywordRepositoryImpl.swift */ = {isa = PBXFileReference; lastKnownFileType = sourcecode.swift; path = RecentKeywordRepositoryImpl.swift; sourceTree = "<group>"; };
		4F6ACF9B26C1245C00141987 /* GetRecentKeywordUseCase.swift */ = {isa = PBXFileReference; lastKnownFileType = sourcecode.swift; path = GetRecentKeywordUseCase.swift; sourceTree = "<group>"; };
		4F6ACF9D26C126FC00141987 /* CreateRecentKeywordUseCase.swift */ = {isa = PBXFileReference; lastKnownFileType = sourcecode.swift; path = CreateRecentKeywordUseCase.swift; sourceTree = "<group>"; };
		4F6ACF9F26C1275000141987 /* ObserveRecentKeywordUseCase.swift */ = {isa = PBXFileReference; lastKnownFileType = sourcecode.swift; path = ObserveRecentKeywordUseCase.swift; sourceTree = "<group>"; };
		4F6ACFA726C127D100141987 /* SoftwareInfoDTOTest.swift */ = {isa = PBXFileReference; lastKnownFileType = sourcecode.swift; path = SoftwareInfoDTOTest.swift; sourceTree = "<group>"; };
		4F6ACFAA26C1280D00141987 /* software_request_data_example.json */ = {isa = PBXFileReference; lastKnownFileType = text.json; path = software_request_data_example.json; sourceTree = "<group>"; };
		4F6ACFAE26C12A3100141987 /* RecentKeywordRepositoryTest.swift */ = {isa = PBXFileReference; lastKnownFileType = sourcecode.swift; path = RecentKeywordRepositoryTest.swift; sourceTree = "<group>"; };
		4F6ACFB026C12BD600141987 /* GetSoftwareInfosUseCaseTest.swift */ = {isa = PBXFileReference; lastKnownFileType = sourcecode.swift; path = GetSoftwareInfosUseCaseTest.swift; sourceTree = "<group>"; };
		4F6ACFB226C12C5600141987 /* GetRecentKeywordUseCaseTest.swift */ = {isa = PBXFileReference; lastKnownFileType = sourcecode.swift; path = GetRecentKeywordUseCaseTest.swift; sourceTree = "<group>"; };
		4F6ACFB426C12C8B00141987 /* CreateRecentKeywordUseCaseTest.swift */ = {isa = PBXFileReference; lastKnownFileType = sourcecode.swift; path = CreateRecentKeywordUseCaseTest.swift; sourceTree = "<group>"; };
		4F6ACFB626C12CCB00141987 /* ObserveRecentKeywordUseCaseTest.swift */ = {isa = PBXFileReference; lastKnownFileType = sourcecode.swift; path = ObserveRecentKeywordUseCaseTest.swift; sourceTree = "<group>"; };
		4F9350BA26C58D8400F90505 /* RecentsSectionModel.swift */ = {isa = PBXFileReference; lastKnownFileType = sourcecode.swift; path = RecentsSectionModel.swift; sourceTree = "<group>"; };
		4F9350BC26C58DBE00F90505 /* RecentsItemModel.swift */ = {isa = PBXFileReference; lastKnownFileType = sourcecode.swift; path = RecentsItemModel.swift; sourceTree = "<group>"; };
		4F9350C026C5991700F90505 /* SearchSoftwareInfoConfiguration.swift */ = {isa = PBXFileReference; lastKnownFileType = sourcecode.swift; path = SearchSoftwareInfoConfiguration.swift; sourceTree = "<group>"; };
		4F9350C226C5993E00F90505 /* SearchSoftwareInfoContentView.swift */ = {isa = PBXFileReference; lastKnownFileType = sourcecode.swift; path = SearchSoftwareInfoContentView.swift; sourceTree = "<group>"; };
		4F9350C426C59A7100F90505 /* UIView+removeAllSubviews.swift */ = {isa = PBXFileReference; lastKnownFileType = sourcecode.swift; path = "UIView+removeAllSubviews.swift"; sourceTree = "<group>"; };
		4F9350C626C59ADE00F90505 /* SearchSoftwareInfoContentView.xib */ = {isa = PBXFileReference; lastKnownFileType = file.xib; path = SearchSoftwareInfoContentView.xib; sourceTree = "<group>"; };
		4F9350C926C5A46C00F90505 /* DetailsSectionModel.swift */ = {isa = PBXFileReference; lastKnownFileType = sourcecode.swift; path = DetailsSectionModel.swift; sourceTree = "<group>"; };
		4F9350CB26C5A4DD00F90505 /* DetailsItemModel.swift */ = {isa = PBXFileReference; lastKnownFileType = sourcecode.swift; path = DetailsItemModel.swift; sourceTree = "<group>"; };
		4F9350CD26C5A7DA00F90505 /* DetailsIntroConfiguration.swift */ = {isa = PBXFileReference; lastKnownFileType = sourcecode.swift; path = DetailsIntroConfiguration.swift; sourceTree = "<group>"; };
		4F9350CF26C5A80100F90505 /* DetailsIntroContentView.swift */ = {isa = PBXFileReference; lastKnownFileType = sourcecode.swift; path = DetailsIntroContentView.swift; sourceTree = "<group>"; };
		4F9350D126C5A80700F90505 /* DetailsIntroContentView.xib */ = {isa = PBXFileReference; lastKnownFileType = file.xib; path = DetailsIntroContentView.xib; sourceTree = "<group>"; };
		4F9350D326C5B24700F90505 /* DetailsPreviewsConfiguration.swift */ = {isa = PBXFileReference; lastKnownFileType = sourcecode.swift; path = DetailsPreviewsConfiguration.swift; sourceTree = "<group>"; };
		4F9350D526C5B2B200F90505 /* DetailsPreviewsContentView.swift */ = {isa = PBXFileReference; lastKnownFileType = sourcecode.swift; path = DetailsPreviewsContentView.swift; sourceTree = "<group>"; };
		4F9350D726C5B2B800F90505 /* DetailsPreviewsContentView.xib */ = {isa = PBXFileReference; lastKnownFileType = file.xib; path = DetailsPreviewsContentView.xib; sourceTree = "<group>"; };
		4F9350D926C5B65D00F90505 /* DetailsPreviewConfiguration.swift */ = {isa = PBXFileReference; lastKnownFileType = sourcecode.swift; path = DetailsPreviewConfiguration.swift; sourceTree = "<group>"; };
		4F9350DB26C5B68300F90505 /* DetailsPreviewContentView.swift */ = {isa = PBXFileReference; lastKnownFileType = sourcecode.swift; path = DetailsPreviewContentView.swift; sourceTree = "<group>"; };
		4F9350DD26C5B68C00F90505 /* DetailsPreviewContentView.xib */ = {isa = PBXFileReference; lastKnownFileType = file.xib; path = DetailsPreviewContentView.xib; sourceTree = "<group>"; };
		4F9350DF26C5B7F600F90505 /* DetailsPreviewsContentViewModel.swift */ = {isa = PBXFileReference; lastKnownFileType = sourcecode.swift; path = DetailsPreviewsContentViewModel.swift; sourceTree = "<group>"; };
		4F9350E526C5B88D00F90505 /* DetailsPreviewsSectionModel.swift */ = {isa = PBXFileReference; lastKnownFileType = sourcecode.swift; path = DetailsPreviewsSectionModel.swift; sourceTree = "<group>"; };
		4F9350E726C5B8DC00F90505 /* DetailsPreviewsItemModel.swift */ = {isa = PBXFileReference; lastKnownFileType = sourcecode.swift; path = DetailsPreviewsItemModel.swift; sourceTree = "<group>"; };
		4F9350ED26C5BB8100F90505 /* UICollectionView+register.swift */ = {isa = PBXFileReference; lastKnownFileType = sourcecode.swift; path = "UICollectionView+register.swift"; sourceTree = "<group>"; };
		4F9350EF26C5BBA700F90505 /* UICollectionViewCell+reuseIdentifer.swift */ = {isa = PBXFileReference; lastKnownFileType = sourcecode.swift; path = "UICollectionViewCell+reuseIdentifer.swift"; sourceTree = "<group>"; };
		4FC29B5926BA360C001AADAB /* AppStoreSearchDemo.app */ = {isa = PBXFileReference; explicitFileType = wrapper.application; includeInIndex = 0; path = AppStoreSearchDemo.app; sourceTree = BUILT_PRODUCTS_DIR; };
		4FC29B5C26BA360C001AADAB /* AppDelegate.swift */ = {isa = PBXFileReference; lastKnownFileType = sourcecode.swift; path = AppDelegate.swift; sourceTree = "<group>"; };
		4FC29B6026BA360C001AADAB /* ViewController.swift */ = {isa = PBXFileReference; lastKnownFileType = sourcecode.swift; path = ViewController.swift; sourceTree = "<group>"; };
		4FC29B6526BA360F001AADAB /* Assets.xcassets */ = {isa = PBXFileReference; lastKnownFileType = folder.assetcatalog; path = Assets.xcassets; sourceTree = "<group>"; };
		4FC29B6826BA360F001AADAB /* Base */ = {isa = PBXFileReference; lastKnownFileType = file.storyboard; name = Base; path = Base.lproj/LaunchScreen.storyboard; sourceTree = "<group>"; };
		4FC29B6A26BA360F001AADAB /* Info.plist */ = {isa = PBXFileReference; lastKnownFileType = text.plist.xml; path = Info.plist; sourceTree = "<group>"; };
		4FC29B7926BA3610001AADAB /* AppStoreSearchDemoUITests.xctest */ = {isa = PBXFileReference; explicitFileType = wrapper.cfbundle; includeInIndex = 0; path = AppStoreSearchDemoUITests.xctest; sourceTree = BUILT_PRODUCTS_DIR; };
		4FC29B8F26BA385C001AADAB /* AppStoreSearchDemoCore.framework */ = {isa = PBXFileReference; explicitFileType = wrapper.framework; includeInIndex = 0; path = AppStoreSearchDemoCore.framework; sourceTree = BUILT_PRODUCTS_DIR; };
		4FC29B9126BA385C001AADAB /* AppStoreSearchDemoCore.h */ = {isa = PBXFileReference; lastKnownFileType = sourcecode.c.h; path = AppStoreSearchDemoCore.h; sourceTree = "<group>"; };
		4FC29B9626BA385C001AADAB /* AppStoreSearchDemoCoreTests.xctest */ = {isa = PBXFileReference; explicitFileType = wrapper.cfbundle; includeInIndex = 0; path = AppStoreSearchDemoCoreTests.xctest; sourceTree = BUILT_PRODUCTS_DIR; };
		51556684F1AC4D0EB257BEED /* Pods-AppStoreSearchDemoCore.debug.xcconfig */ = {isa = PBXFileReference; includeInIndex = 1; lastKnownFileType = text.xcconfig; name = "Pods-AppStoreSearchDemoCore.debug.xcconfig"; path = "Target Support Files/Pods-AppStoreSearchDemoCore/Pods-AppStoreSearchDemoCore.debug.xcconfig"; sourceTree = "<group>"; };
		5FC94C6EFAFF5FFA6EE72514 /* Pods-AppStoreSearchDemo.debug.xcconfig */ = {isa = PBXFileReference; includeInIndex = 1; lastKnownFileType = text.xcconfig; name = "Pods-AppStoreSearchDemo.debug.xcconfig"; path = "Target Support Files/Pods-AppStoreSearchDemo/Pods-AppStoreSearchDemo.debug.xcconfig"; sourceTree = "<group>"; };
		8A03AA6E33FBF7B70DA14F6E /* Pods-AppStoreSearchDemoCoreTests.release.xcconfig */ = {isa = PBXFileReference; includeInIndex = 1; lastKnownFileType = text.xcconfig; name = "Pods-AppStoreSearchDemoCoreTests.release.xcconfig"; path = "Target Support Files/Pods-AppStoreSearchDemoCoreTests/Pods-AppStoreSearchDemoCoreTests.release.xcconfig"; sourceTree = "<group>"; };
		BA3E55EC3CC1C3D77818AC1F /* Pods_AppStoreSearchDemoCoreTests.framework */ = {isa = PBXFileReference; explicitFileType = wrapper.framework; includeInIndex = 0; path = Pods_AppStoreSearchDemoCoreTests.framework; sourceTree = BUILT_PRODUCTS_DIR; };
		E78057F32E8523AF803C8117 /* Pods_AppStoreSearchDemo.framework */ = {isa = PBXFileReference; explicitFileType = wrapper.framework; includeInIndex = 0; path = Pods_AppStoreSearchDemo.framework; sourceTree = BUILT_PRODUCTS_DIR; };
		EAC86E3F7C910E2CB508AC8D /* Pods-AppStoreSearchDemo.release.xcconfig */ = {isa = PBXFileReference; includeInIndex = 1; lastKnownFileType = text.xcconfig; name = "Pods-AppStoreSearchDemo.release.xcconfig"; path = "Target Support Files/Pods-AppStoreSearchDemo/Pods-AppStoreSearchDemo.release.xcconfig"; sourceTree = "<group>"; };
		F301DB0826BBC9A700392276 /* ITSServiceType.swift */ = {isa = PBXFileReference; lastKnownFileType = sourcecode.swift; path = ITSServiceType.swift; sourceTree = "<group>"; };
		F301DB0A26BBD60500392276 /* RecentKeyword.swift */ = {isa = PBXFileReference; fileEncoding = 4; lastKnownFileType = sourcecode.swift; path = RecentKeyword.swift; sourceTree = "<group>"; };
		F32524C326BA66CA00CD64A0 /* Network.swift */ = {isa = PBXFileReference; lastKnownFileType = sourcecode.swift; path = Network.swift; sourceTree = "<group>"; };
		F32524C626BA66E100CD64A0 /* NetworkImpl.swift */ = {isa = PBXFileReference; lastKnownFileType = sourcecode.swift; path = NetworkImpl.swift; sourceTree = "<group>"; };
		F32524CE26BA6E3F00CD64A0 /* ITSServiceNetworkTest.swift */ = {isa = PBXFileReference; lastKnownFileType = sourcecode.swift; path = ITSServiceNetworkTest.swift; sourceTree = "<group>"; };
		F32524D126BA71B400CD64A0 /* Log.swift */ = {isa = PBXFileReference; lastKnownFileType = sourcecode.swift; path = Log.swift; sourceTree = "<group>"; };
		F32524D326BA726F00CD64A0 /* AppStoreSearchDemoUITests.swift */ = {isa = PBXFileReference; fileEncoding = 4; lastKnownFileType = sourcecode.swift; path = AppStoreSearchDemoUITests.swift; sourceTree = "<group>"; };
		F32524DB26BA7B6800CD64A0 /* LocalRealm.swift */ = {isa = PBXFileReference; lastKnownFileType = sourcecode.swift; path = LocalRealm.swift; sourceTree = "<group>"; };
		F32524DD26BA7B6E00CD64A0 /* LocalRealmImpl.swift */ = {isa = PBXFileReference; lastKnownFileType = sourcecode.swift; path = LocalRealmImpl.swift; sourceTree = "<group>"; };
		F32524DF26BA8DB900CD64A0 /* Results+objects.swift */ = {isa = PBXFileReference; lastKnownFileType = sourcecode.swift; path = "Results+objects.swift"; sourceTree = "<group>"; };
		F32524E326BA905000CD64A0 /* RecentKeywordTest.swift */ = {isa = PBXFileReference; lastKnownFileType = sourcecode.swift; path = RecentKeywordTest.swift; sourceTree = "<group>"; };
/* End PBXFileReference section */

/* Begin PBXFrameworksBuildPhase section */
		4FC29B5626BA360C001AADAB /* Frameworks */ = {
			isa = PBXFrameworksBuildPhase;
			buildActionMask = 2147483647;
			files = (
				4FC29BA226BA385C001AADAB /* AppStoreSearchDemoCore.framework in Frameworks */,
				3B1AFA62D274519ADFD7FFF8 /* Pods_AppStoreSearchDemo.framework in Frameworks */,
			);
			runOnlyForDeploymentPostprocessing = 0;
		};
		4FC29B7626BA3610001AADAB /* Frameworks */ = {
			isa = PBXFrameworksBuildPhase;
			buildActionMask = 2147483647;
			files = (
			);
			runOnlyForDeploymentPostprocessing = 0;
		};
		4FC29B8C26BA385C001AADAB /* Frameworks */ = {
			isa = PBXFrameworksBuildPhase;
			buildActionMask = 2147483647;
			files = (
				094240FABC099483D5BBA63C /* Pods_AppStoreSearchDemoCore.framework in Frameworks */,
			);
			runOnlyForDeploymentPostprocessing = 0;
		};
		4FC29B9326BA385C001AADAB /* Frameworks */ = {
			isa = PBXFrameworksBuildPhase;
			buildActionMask = 2147483647;
			files = (
				4FC29B9726BA385C001AADAB /* AppStoreSearchDemoCore.framework in Frameworks */,
				FCE26AFFE2A12ACF864F0675 /* Pods_AppStoreSearchDemoCoreTests.framework in Frameworks */,
			);
			runOnlyForDeploymentPostprocessing = 0;
		};
/* End PBXFrameworksBuildPhase section */

/* Begin PBXGroup section */
		12E0413CBBC9E3C41E66A1E7 /* Frameworks */ = {
			isa = PBXGroup;
			children = (
				E78057F32E8523AF803C8117 /* Pods_AppStoreSearchDemo.framework */,
				11CF3D0292657E77D00FF106 /* Pods_AppStoreSearchDemoCore.framework */,
				BA3E55EC3CC1C3D77818AC1F /* Pods_AppStoreSearchDemoCoreTests.framework */,
			);
			name = Frameworks;
			sourceTree = "<group>";
		};
		4F27CAE426C3EC61004116C2 /* Presentation */ = {
			isa = PBXGroup;
			children = (
				4F27CAE526C3EC68004116C2 /* Search */,
				4F27CAF826C3F0FC004116C2 /* Recents */,
				4F27CB0626C3F88A004116C2 /* Details */,
			);
			path = Presentation;
			sourceTree = "<group>";
		};
		4F27CAE526C3EC68004116C2 /* Search */ = {
			isa = PBXGroup;
			children = (
				4F27CAE626C3EC76004116C2 /* SearchViewController.swift */,
				4F27CAF626C3F070004116C2 /* SearchViewController.xib */,
				4F27CB1026C3FB5E004116C2 /* SearchViewModel.swift */,
				4F27CB1826C4046D004116C2 /* SearchSectionModel.swift */,
				4F27CB1A26C404C7004116C2 /* SearchItemModel.swift */,
				4F9350C026C5991700F90505 /* SearchSoftwareInfoConfiguration.swift */,
				4F9350C226C5993E00F90505 /* SearchSoftwareInfoContentView.swift */,
				4F9350C626C59ADE00F90505 /* SearchSoftwareInfoContentView.xib */,
			);
			path = Search;
			sourceTree = "<group>";
		};
		4F27CAEE26C3EF61004116C2 /* Extension */ = {
			isa = PBXGroup;
			children = (
				4F4F3CE926C4FA7E0031343C /* RxSwift */,
				4F27CAEF26C3EF6C004116C2 /* UIKit */,
			);
			path = Extension;
			sourceTree = "<group>";
		};
		4F27CAEF26C3EF6C004116C2 /* UIKit */ = {
			isa = PBXGroup;
			children = (
				4F9350EB26C5BB6200F90505 /* UICollectionView */,
				4F9350EC26C5BB6800F90505 /* UICollectionViewCell */,
				4F4F3CE526C4F4C90031343C /* UITableView */,
				4F4F3CE226C4F47B0031343C /* UITableViewCell */,
				4F27CAF326C3F00D004116C2 /* UIView */,
				4F27CAF026C3EF74004116C2 /* UIViewController */,
			);
			path = UIKit;
			sourceTree = "<group>";
		};
		4F27CAF026C3EF74004116C2 /* UIViewController */ = {
			isa = PBXGroup;
			children = (
				4F27CAF126C3EF8B004116C2 /* UIViewController+loadFromNib.swift */,
			);
			path = UIViewController;
			sourceTree = "<group>";
		};
		4F27CAF326C3F00D004116C2 /* UIView */ = {
			isa = PBXGroup;
			children = (
				4F27CAF426C3F01C004116C2 /* UIView+loadFromNib.swift */,
				4F9350C426C59A7100F90505 /* UIView+removeAllSubviews.swift */,
			);
			path = UIView;
			sourceTree = "<group>";
		};
		4F27CAF826C3F0FC004116C2 /* Recents */ = {
			isa = PBXGroup;
			children = (
				4F27CAF926C3F109004116C2 /* RecentsViewController.swift */,
				4F27CAFB26C3F124004116C2 /* RecentsViewController.xib */,
				4F27CB0226C3F4B1004116C2 /* RecentsViewModel.swift */,
				4F9350BA26C58D8400F90505 /* RecentsSectionModel.swift */,
				4F9350BC26C58DBE00F90505 /* RecentsItemModel.swift */,
			);
			path = Recents;
			sourceTree = "<group>";
		};
		4F27CAFF26C3F3D4004116C2 /* Service */ = {
			isa = PBXGroup;
			children = (
				4F27CB0026C3F3E6004116C2 /* AppService.swift */,
				4F27CAFD26C3F2CF004116C2 /* SearchService.swift */,
			);
			path = Service;
			sourceTree = "<group>";
		};
		4F27CB0626C3F88A004116C2 /* Details */ = {
			isa = PBXGroup;
			children = (
				4F27CB0726C3F8D0004116C2 /* DetailsViewController.swift */,
				4F27CB1626C40186004116C2 /* DetailsViewController.xib */,
				4F27CB1426C40089004116C2 /* DetailsViewModel.swift */,
				4F9350C926C5A46C00F90505 /* DetailsSectionModel.swift */,
				4F9350CB26C5A4DD00F90505 /* DetailsItemModel.swift */,
				4F9350E226C5B83100F90505 /* Intro */,
				4F9350E326C5B83900F90505 /* Previews */,
			);
			path = Details;
			sourceTree = "<group>";
		};
		4F27CB0926C3F8E9004116C2 /* Details */ = {
			isa = PBXGroup;
			children = (
				4F27CB0A26C3F8F5004116C2 /* DetailsFlow.swift */,
				4F27CB0C26C3F900004116C2 /* DetailsStep.swift */,
				4F27CB0E26C3F908004116C2 /* DetailsStepper.swift */,
			);
			path = Details;
			sourceTree = "<group>";
		};
		4F3A4B4126C266B0005B4922 /* Application */ = {
			isa = PBXGroup;
			children = (
				4F27CAFF26C3F3D4004116C2 /* Service */,
				4F27CAEE26C3EF61004116C2 /* Extension */,
				4F3A4B4226C266B6005B4922 /* Flow */,
			);
			path = Application;
			sourceTree = "<group>";
		};
		4F3A4B4226C266B6005B4922 /* Flow */ = {
			isa = PBXGroup;
			children = (
				4F3A4B4326C266BD005B4922 /* App */,
				4F3A4B4426C266C4005B4922 /* TabBar */,
				4F3A4B4926C267EB005B4922 /* Search */,
				4F27CB0926C3F8E9004116C2 /* Details */,
				4F27CB0426C3F603004116C2 /* Stepable.swift */,
			);
			path = Flow;
			sourceTree = "<group>";
		};
		4F3A4B4326C266BD005B4922 /* App */ = {
			isa = PBXGroup;
			children = (
				4F3A4B3B26C25DC9005B4922 /* AppFlow.swift */,
				4F3A4B3D26C26066005B4922 /* AppStep.swift */,
				4F3A4B3F26C265D2005B4922 /* AppStepper.swift */,
			);
			path = App;
			sourceTree = "<group>";
		};
		4F3A4B4426C266C4005B4922 /* TabBar */ = {
			isa = PBXGroup;
			children = (
				4F3A4B4526C266E4005B4922 /* TabBarFlow.swift */,
				4F3A4B4726C26754005B4922 /* TabBarStep.swift */,
			);
			path = TabBar;
			sourceTree = "<group>";
		};
		4F3A4B4926C267EB005B4922 /* Search */ = {
			isa = PBXGroup;
			children = (
				4F27CAE826C3EC99004116C2 /* SearchFlow.swift */,
				4F27CAEA26C3ECA8004116C2 /* SearchStep.swift */,
				4F27CAEC26C3ECAF004116C2 /* SearchStepper.swift */,
			);
			path = Search;
			sourceTree = "<group>";
		};
		4F4F3CE226C4F47B0031343C /* UITableViewCell */ = {
			isa = PBXGroup;
			children = (
				4F4F3CE326C4F48A0031343C /* UITableViewCell+reuseIdentifier.swift */,
			);
			path = UITableViewCell;
			sourceTree = "<group>";
		};
		4F4F3CE526C4F4C90031343C /* UITableView */ = {
			isa = PBXGroup;
			children = (
				4F4F3CE626C4F4D50031343C /* UITableView+register.swift */,
			);
			path = UITableView;
			sourceTree = "<group>";
		};
		4F4F3CE926C4FA7E0031343C /* RxSwift */ = {
			isa = PBXGroup;
			children = (
				4F4F3CEA26C4FA830031343C /* ObservableType */,
			);
			path = RxSwift;
			sourceTree = "<group>";
		};
		4F4F3CEA26C4FA830031343C /* ObservableType */ = {
			isa = PBXGroup;
			children = (
				4F4F3CEB26C4FA9B0031343C /* Observable+withOnlyUnretained.swift */,
			);
			path = ObservableType;
			sourceTree = "<group>";
		};
		4F6ACF8726C1137200141987 /* RepoInf */ = {
			isa = PBXGroup;
			children = (
				4F6ACF8826C1137900141987 /* ITSServiceRepository.swift */,
				4F6ACF9726C1219000141987 /* RecentKeywordRepository.swift */,
			);
			path = RepoInf;
			sourceTree = "<group>";
		};
		4F6ACF8C26C119C000141987 /* DTO */ = {
			isa = PBXGroup;
			children = (
				4F6ACF8D26C119D100141987 /* SoftwareInfoDTO.swift */,
			);
			path = DTO;
			sourceTree = "<group>";
		};
		4F6ACF8F26C11EE100141987 /* RepoImpl */ = {
			isa = PBXGroup;
			children = (
				4F6ACF9026C11EED00141987 /* ITSServiceRepositoryImpl.swift */,
				4F6ACF9926C1239C00141987 /* RecentKeywordRepositoryImpl.swift */,
			);
			path = RepoImpl;
			sourceTree = "<group>";
		};
		4F6ACF9426C1211700141987 /* UseCase */ = {
			isa = PBXGroup;
			children = (
				4F6ACFBB26C12E4000141987 /* SoftwareInfo */,
				4F6ACFBC26C12E4700141987 /* RecentKeyword */,
			);
			path = UseCase;
			sourceTree = "<group>";
		};
		4F6ACFA126C1279700141987 /* Network */ = {
			isa = PBXGroup;
			children = (
				F32524CE26BA6E3F00CD64A0 /* ITSServiceNetworkTest.swift */,
			);
			path = Network;
			sourceTree = "<group>";
		};
		4F6ACFA226C127A900141987 /* Local */ = {
			isa = PBXGroup;
			children = (
				F32524E326BA905000CD64A0 /* RecentKeywordTest.swift */,
			);
			path = Local;
			sourceTree = "<group>";
		};
		4F6ACFA326C127B000141987 /* RepoImpl */ = {
			isa = PBXGroup;
			children = (
				4F6ACF9226C11FFF00141987 /* ITSServiceRepositoryTest.swift */,
				4F6ACFAE26C12A3100141987 /* RecentKeywordRepositoryTest.swift */,
			);
			path = RepoImpl;
			sourceTree = "<group>";
		};
		4F6ACFA426C127B700141987 /* Domain */ = {
			isa = PBXGroup;
			children = (
				4F6ACFA526C127BE00141987 /* UseCase */,
			);
			path = Domain;
			sourceTree = "<group>";
		};
		4F6ACFA526C127BE00141987 /* UseCase */ = {
			isa = PBXGroup;
			children = (
				4F6ACFBE26C12E5900141987 /* SoftwareInfo */,
				4F6ACFBF26C12E6000141987 /* RecentKeyword */,
			);
			path = UseCase;
			sourceTree = "<group>";
		};
		4F6ACFA626C127C300141987 /* DTO */ = {
			isa = PBXGroup;
			children = (
				4F6ACFA726C127D100141987 /* SoftwareInfoDTOTest.swift */,
			);
			path = DTO;
			sourceTree = "<group>";
		};
		4F6ACFAC26C1295200141987 /* Resources */ = {
			isa = PBXGroup;
			children = (
				4F6ACFAA26C1280D00141987 /* software_request_data_example.json */,
			);
			path = Resources;
			sourceTree = "<group>";
		};
		4F6ACFB826C12D5900141987 /* Public */ = {
			isa = PBXGroup;
			children = (
				4F6ACF8A26C115C200141987 /* SoftwareInfo.swift */,
			);
			path = Public;
			sourceTree = "<group>";
		};
		4F6ACFB926C12D5D00141987 /* Internal */ = {
			isa = PBXGroup;
			children = (
				F301DB0826BBC9A700392276 /* ITSServiceType.swift */,
				F301DB0A26BBD60500392276 /* RecentKeyword.swift */,
			);
			path = Internal;
			sourceTree = "<group>";
		};
		4F6ACFBA26C12D7900141987 /* Extensions */ = {
			isa = PBXGroup;
			children = (
				F32524DF26BA8DB900CD64A0 /* Results+objects.swift */,
			);
			path = Extensions;
			sourceTree = "<group>";
		};
		4F6ACFBB26C12E4000141987 /* SoftwareInfo */ = {
			isa = PBXGroup;
			children = (
				4F6ACF9526C1212400141987 /* GetSoftwareInfosUseCase.swift */,
			);
			path = SoftwareInfo;
			sourceTree = "<group>";
		};
		4F6ACFBC26C12E4700141987 /* RecentKeyword */ = {
			isa = PBXGroup;
			children = (
				4F6ACF9B26C1245C00141987 /* GetRecentKeywordUseCase.swift */,
				4F6ACF9D26C126FC00141987 /* CreateRecentKeywordUseCase.swift */,
				4F6ACF9F26C1275000141987 /* ObserveRecentKeywordUseCase.swift */,
			);
			path = RecentKeyword;
			sourceTree = "<group>";
		};
		4F6ACFBE26C12E5900141987 /* SoftwareInfo */ = {
			isa = PBXGroup;
			children = (
				4F6ACFB026C12BD600141987 /* GetSoftwareInfosUseCaseTest.swift */,
			);
			path = SoftwareInfo;
			sourceTree = "<group>";
		};
		4F6ACFBF26C12E6000141987 /* RecentKeyword */ = {
			isa = PBXGroup;
			children = (
				4F6ACFB226C12C5600141987 /* GetRecentKeywordUseCaseTest.swift */,
				4F6ACFB426C12C8B00141987 /* CreateRecentKeywordUseCaseTest.swift */,
				4F6ACFB626C12CCB00141987 /* ObserveRecentKeywordUseCaseTest.swift */,
			);
			path = RecentKeyword;
			sourceTree = "<group>";
		};
		4F9350E226C5B83100F90505 /* Intro */ = {
			isa = PBXGroup;
			children = (
				4F9350CD26C5A7DA00F90505 /* DetailsIntroConfiguration.swift */,
				4F9350CF26C5A80100F90505 /* DetailsIntroContentView.swift */,
				4F9350D126C5A80700F90505 /* DetailsIntroContentView.xib */,
			);
			path = Intro;
			sourceTree = "<group>";
		};
		4F9350E326C5B83900F90505 /* Previews */ = {
			isa = PBXGroup;
			children = (
				4F9350D326C5B24700F90505 /* DetailsPreviewsConfiguration.swift */,
				4F9350D526C5B2B200F90505 /* DetailsPreviewsContentView.swift */,
				4F9350D726C5B2B800F90505 /* DetailsPreviewsContentView.xib */,
				4F9350DF26C5B7F600F90505 /* DetailsPreviewsContentViewModel.swift */,
				4F9350E526C5B88D00F90505 /* DetailsPreviewsSectionModel.swift */,
				4F9350E726C5B8DC00F90505 /* DetailsPreviewsItemModel.swift */,
				4F9350E426C5B84F00F90505 /* Preview */,
			);
			path = Previews;
			sourceTree = "<group>";
		};
		4F9350E426C5B84F00F90505 /* Preview */ = {
			isa = PBXGroup;
			children = (
				4F9350D926C5B65D00F90505 /* DetailsPreviewConfiguration.swift */,
				4F9350DB26C5B68300F90505 /* DetailsPreviewContentView.swift */,
				4F9350DD26C5B68C00F90505 /* DetailsPreviewContentView.xib */,
			);
			path = Preview;
			sourceTree = "<group>";
		};
		4F9350EB26C5BB6200F90505 /* UICollectionView */ = {
			isa = PBXGroup;
			children = (
				4F9350ED26C5BB8100F90505 /* UICollectionView+register.swift */,
			);
			path = UICollectionView;
			sourceTree = "<group>";
		};
		4F9350EC26C5BB6800F90505 /* UICollectionViewCell */ = {
			isa = PBXGroup;
			children = (
				4F9350EF26C5BBA700F90505 /* UICollectionViewCell+reuseIdentifer.swift */,
			);
			path = UICollectionViewCell;
			sourceTree = "<group>";
		};
		4FC29B5026BA360C001AADAB = {
			isa = PBXGroup;
			children = (
				4FC29B5B26BA360C001AADAB /* AppStoreSearchDemo */,
				4FC29B7C26BA3610001AADAB /* AppStoreSearchDemoUITests */,
				4FC29B9026BA385C001AADAB /* AppStoreSearchDemoCore */,
				4FC29B9C26BA385C001AADAB /* AppStoreSearchDemoCoreTests */,
				4FC29B5A26BA360C001AADAB /* Products */,
				80410E4B46B8BBD7A377A852 /* Pods */,
				12E0413CBBC9E3C41E66A1E7 /* Frameworks */,
			);
			sourceTree = "<group>";
		};
		4FC29B5A26BA360C001AADAB /* Products */ = {
			isa = PBXGroup;
			children = (
				4FC29B5926BA360C001AADAB /* AppStoreSearchDemo.app */,
				4FC29B7926BA3610001AADAB /* AppStoreSearchDemoUITests.xctest */,
				4FC29B8F26BA385C001AADAB /* AppStoreSearchDemoCore.framework */,
				4FC29B9626BA385C001AADAB /* AppStoreSearchDemoCoreTests.xctest */,
			);
			name = Products;
			sourceTree = "<group>";
		};
		4FC29B5B26BA360C001AADAB /* AppStoreSearchDemo */ = {
			isa = PBXGroup;
			children = (
				4FC29B5C26BA360C001AADAB /* AppDelegate.swift */,
				4FC29B6026BA360C001AADAB /* ViewController.swift */,
				4F3A4B4126C266B0005B4922 /* Application */,
				4F27CAE426C3EC61004116C2 /* Presentation */,
				4FC29B6526BA360F001AADAB /* Assets.xcassets */,
				4FC29B6726BA360F001AADAB /* LaunchScreen.storyboard */,
				4FC29B6A26BA360F001AADAB /* Info.plist */,
			);
			path = AppStoreSearchDemo;
			sourceTree = "<group>";
		};
		4FC29B7C26BA3610001AADAB /* AppStoreSearchDemoUITests */ = {
			isa = PBXGroup;
			children = (
				F32524D326BA726F00CD64A0 /* AppStoreSearchDemoUITests.swift */,
			);
			path = AppStoreSearchDemoUITests;
			sourceTree = "<group>";
		};
		4FC29B9026BA385C001AADAB /* AppStoreSearchDemoCore */ = {
			isa = PBXGroup;
			children = (
				4FC29B9126BA385C001AADAB /* AppStoreSearchDemoCore.h */,
				4F6ACFAC26C1295200141987 /* Resources */,
				F32524D026BA71AB00CD64A0 /* Util */,
				F36F5E9726BA662600966EE3 /* Domain */,
				F36F5E9626BA662000966EE3 /* Data */,
			);
			path = AppStoreSearchDemoCore;
			sourceTree = "<group>";
		};
		4FC29B9C26BA385C001AADAB /* AppStoreSearchDemoCoreTests */ = {
			isa = PBXGroup;
			children = (
				4F6ACFA426C127B700141987 /* Domain */,
				F32524CC26BA6E2300CD64A0 /* Data */,
			);
			path = AppStoreSearchDemoCoreTests;
			sourceTree = "<group>";
		};
		80410E4B46B8BBD7A377A852 /* Pods */ = {
			isa = PBXGroup;
			children = (
				5FC94C6EFAFF5FFA6EE72514 /* Pods-AppStoreSearchDemo.debug.xcconfig */,
				EAC86E3F7C910E2CB508AC8D /* Pods-AppStoreSearchDemo.release.xcconfig */,
				51556684F1AC4D0EB257BEED /* Pods-AppStoreSearchDemoCore.debug.xcconfig */,
				01C07BCED67E0B64ABA813FD /* Pods-AppStoreSearchDemoCore.release.xcconfig */,
				31C6A9131AF0900CF015D926 /* Pods-AppStoreSearchDemoCoreTests.debug.xcconfig */,
				8A03AA6E33FBF7B70DA14F6E /* Pods-AppStoreSearchDemoCoreTests.release.xcconfig */,
			);
			path = Pods;
			sourceTree = "<group>";
		};
		F32524C526BA66CE00CD64A0 /* Network */ = {
			isa = PBXGroup;
			children = (
				F32524C326BA66CA00CD64A0 /* Network.swift */,
				F32524C626BA66E100CD64A0 /* NetworkImpl.swift */,
			);
			path = Network;
			sourceTree = "<group>";
		};
		F32524CC26BA6E2300CD64A0 /* Data */ = {
			isa = PBXGroup;
			children = (
				4F6ACFA326C127B000141987 /* RepoImpl */,
				4F6ACFA626C127C300141987 /* DTO */,
				4F6ACFA126C1279700141987 /* Network */,
				4F6ACFA226C127A900141987 /* Local */,
			);
			path = Data;
			sourceTree = "<group>";
		};
		F32524D026BA71AB00CD64A0 /* Util */ = {
			isa = PBXGroup;
			children = (
				F32524D126BA71B400CD64A0 /* Log.swift */,
				4F6ACFBA26C12D7900141987 /* Extensions */,
			);
			path = Util;
			sourceTree = "<group>";
		};
		F32524D726BA79FE00CD64A0 /* Entity */ = {
			isa = PBXGroup;
			children = (
				4F6ACFB826C12D5900141987 /* Public */,
				4F6ACFB926C12D5D00141987 /* Internal */,
			);
			path = Entity;
			sourceTree = "<group>";
		};
		F32524DA26BA7B3E00CD64A0 /* Local */ = {
			isa = PBXGroup;
			children = (
				F32524DB26BA7B6800CD64A0 /* LocalRealm.swift */,
				F32524DD26BA7B6E00CD64A0 /* LocalRealmImpl.swift */,
			);
			path = Local;
			sourceTree = "<group>";
		};
		F36F5E9626BA662000966EE3 /* Data */ = {
			isa = PBXGroup;
			children = (
				4F6ACF8F26C11EE100141987 /* RepoImpl */,
				4F6ACF8C26C119C000141987 /* DTO */,
				F32524C526BA66CE00CD64A0 /* Network */,
				F32524DA26BA7B3E00CD64A0 /* Local */,
			);
			path = Data;
			sourceTree = "<group>";
		};
		F36F5E9726BA662600966EE3 /* Domain */ = {
			isa = PBXGroup;
			children = (
				4F6ACF9426C1211700141987 /* UseCase */,
				4F6ACF8726C1137200141987 /* RepoInf */,
				F32524D726BA79FE00CD64A0 /* Entity */,
			);
			path = Domain;
			sourceTree = "<group>";
		};
/* End PBXGroup section */

/* Begin PBXHeadersBuildPhase section */
		4FC29B8A26BA385C001AADAB /* Headers */ = {
			isa = PBXHeadersBuildPhase;
			buildActionMask = 2147483647;
			files = (
				4FC29B9F26BA385C001AADAB /* AppStoreSearchDemoCore.h in Headers */,
			);
			runOnlyForDeploymentPostprocessing = 0;
		};
/* End PBXHeadersBuildPhase section */

/* Begin PBXNativeTarget section */
		4FC29B5826BA360C001AADAB /* AppStoreSearchDemo */ = {
			isa = PBXNativeTarget;
			buildConfigurationList = 4FC29B8126BA3610001AADAB /* Build configuration list for PBXNativeTarget "AppStoreSearchDemo" */;
			buildPhases = (
				53D477A8BA18F492FDE725C2 /* [CP] Check Pods Manifest.lock */,
				4FC29B5526BA360C001AADAB /* Sources */,
				4FC29B5626BA360C001AADAB /* Frameworks */,
				4FC29B5726BA360C001AADAB /* Resources */,
				4FC29BA726BA385C001AADAB /* Embed Frameworks */,
				D0AF0DD78522B513B64D1F4C /* [CP] Embed Pods Frameworks */,
			);
			buildRules = (
			);
			dependencies = (
				4FC29BA126BA385C001AADAB /* PBXTargetDependency */,
			);
			name = AppStoreSearchDemo;
			productName = AppStoreSearchDemo;
			productReference = 4FC29B5926BA360C001AADAB /* AppStoreSearchDemo.app */;
			productType = "com.apple.product-type.application";
		};
		4FC29B7826BA3610001AADAB /* AppStoreSearchDemoUITests */ = {
			isa = PBXNativeTarget;
			buildConfigurationList = 4FC29B8726BA3610001AADAB /* Build configuration list for PBXNativeTarget "AppStoreSearchDemoUITests" */;
			buildPhases = (
				4FC29B7526BA3610001AADAB /* Sources */,
				4FC29B7626BA3610001AADAB /* Frameworks */,
				4FC29B7726BA3610001AADAB /* Resources */,
			);
			buildRules = (
			);
			dependencies = (
				4FC29B7B26BA3610001AADAB /* PBXTargetDependency */,
			);
			name = AppStoreSearchDemoUITests;
			productName = AppStoreSearchDemoUITests;
			productReference = 4FC29B7926BA3610001AADAB /* AppStoreSearchDemoUITests.xctest */;
			productType = "com.apple.product-type.bundle.ui-testing";
		};
		4FC29B8E26BA385C001AADAB /* AppStoreSearchDemoCore */ = {
			isa = PBXNativeTarget;
			buildConfigurationList = 4FC29BA426BA385C001AADAB /* Build configuration list for PBXNativeTarget "AppStoreSearchDemoCore" */;
			buildPhases = (
				91355E29D232B62488C51925 /* [CP] Check Pods Manifest.lock */,
				4FC29B8A26BA385C001AADAB /* Headers */,
				4FC29B8B26BA385C001AADAB /* Sources */,
				4FC29B8C26BA385C001AADAB /* Frameworks */,
				4FC29B8D26BA385C001AADAB /* Resources */,
			);
			buildRules = (
			);
			dependencies = (
			);
			name = AppStoreSearchDemoCore;
			productName = AppStoreSearchDemoCore;
			productReference = 4FC29B8F26BA385C001AADAB /* AppStoreSearchDemoCore.framework */;
			productType = "com.apple.product-type.framework";
		};
		4FC29B9526BA385C001AADAB /* AppStoreSearchDemoCoreTests */ = {
			isa = PBXNativeTarget;
			buildConfigurationList = 4FC29BA826BA385C001AADAB /* Build configuration list for PBXNativeTarget "AppStoreSearchDemoCoreTests" */;
			buildPhases = (
				4FDC8207425327AB87A1448F /* [CP] Check Pods Manifest.lock */,
				4FC29B9226BA385C001AADAB /* Sources */,
				4FC29B9326BA385C001AADAB /* Frameworks */,
				4FC29B9426BA385C001AADAB /* Resources */,
				D0E258B990FB2ECE8B45C647 /* [CP] Embed Pods Frameworks */,
			);
			buildRules = (
			);
			dependencies = (
				4FC29B9926BA385C001AADAB /* PBXTargetDependency */,
				4FC29B9B26BA385C001AADAB /* PBXTargetDependency */,
			);
			name = AppStoreSearchDemoCoreTests;
			productName = AppStoreSearchDemoCoreTests;
			productReference = 4FC29B9626BA385C001AADAB /* AppStoreSearchDemoCoreTests.xctest */;
			productType = "com.apple.product-type.bundle.unit-test";
		};
/* End PBXNativeTarget section */

/* Begin PBXProject section */
		4FC29B5126BA360C001AADAB /* Project object */ = {
			isa = PBXProject;
			attributes = {
				BuildIndependentTargetsInParallel = 1;
				LastSwiftUpdateCheck = 1300;
				LastUpgradeCheck = 1300;
				TargetAttributes = {
					4FC29B5826BA360C001AADAB = {
						CreatedOnToolsVersion = 13.0;
					};
					4FC29B7826BA3610001AADAB = {
						CreatedOnToolsVersion = 13.0;
						LastSwiftMigration = 1250;
						TestTargetID = 4FC29B5826BA360C001AADAB;
					};
					4FC29B8E26BA385C001AADAB = {
						CreatedOnToolsVersion = 13.0;
						LastSwiftMigration = 1250;
					};
					4FC29B9526BA385C001AADAB = {
						CreatedOnToolsVersion = 13.0;
						LastSwiftMigration = 1250;
						TestTargetID = 4FC29B5826BA360C001AADAB;
					};
				};
			};
			buildConfigurationList = 4FC29B5426BA360C001AADAB /* Build configuration list for PBXProject "AppStoreSearchDemo" */;
			compatibilityVersion = "Xcode 12.0";
			developmentRegion = en;
			hasScannedForEncodings = 0;
			knownRegions = (
				en,
				Base,
			);
			mainGroup = 4FC29B5026BA360C001AADAB;
			productRefGroup = 4FC29B5A26BA360C001AADAB /* Products */;
			projectDirPath = "";
			projectRoot = "";
			targets = (
				4FC29B5826BA360C001AADAB /* AppStoreSearchDemo */,
				4FC29B7826BA3610001AADAB /* AppStoreSearchDemoUITests */,
				4FC29B8E26BA385C001AADAB /* AppStoreSearchDemoCore */,
				4FC29B9526BA385C001AADAB /* AppStoreSearchDemoCoreTests */,
			);
		};
/* End PBXProject section */

/* Begin PBXResourcesBuildPhase section */
		4FC29B5726BA360C001AADAB /* Resources */ = {
			isa = PBXResourcesBuildPhase;
			buildActionMask = 2147483647;
			files = (
				4FC29B6926BA360F001AADAB /* LaunchScreen.storyboard in Resources */,
				4F9350C726C59ADE00F90505 /* SearchSoftwareInfoContentView.xib in Resources */,
				4F27CAFC26C3F124004116C2 /* RecentsViewController.xib in Resources */,
				4F27CB1726C40186004116C2 /* DetailsViewController.xib in Resources */,
				4F9350D826C5B2B800F90505 /* DetailsPreviewsContentView.xib in Resources */,
				4F9350D226C5A80700F90505 /* DetailsIntroContentView.xib in Resources */,
				4FC29B6626BA360F001AADAB /* Assets.xcassets in Resources */,
				4F27CAF726C3F070004116C2 /* SearchViewController.xib in Resources */,
				4F9350DE26C5B68C00F90505 /* DetailsPreviewContentView.xib in Resources */,
			);
			runOnlyForDeploymentPostprocessing = 0;
		};
		4FC29B7726BA3610001AADAB /* Resources */ = {
			isa = PBXResourcesBuildPhase;
			buildActionMask = 2147483647;
			files = (
			);
			runOnlyForDeploymentPostprocessing = 0;
		};
		4FC29B8D26BA385C001AADAB /* Resources */ = {
			isa = PBXResourcesBuildPhase;
			buildActionMask = 2147483647;
			files = (
				4F6ACFAD26C1297000141987 /* software_request_data_example.json in Resources */,
			);
			runOnlyForDeploymentPostprocessing = 0;
		};
		4FC29B9426BA385C001AADAB /* Resources */ = {
			isa = PBXResourcesBuildPhase;
			buildActionMask = 2147483647;
			files = (
			);
			runOnlyForDeploymentPostprocessing = 0;
		};
/* End PBXResourcesBuildPhase section */

/* Begin PBXShellScriptBuildPhase section */
		4FDC8207425327AB87A1448F /* [CP] Check Pods Manifest.lock */ = {
			isa = PBXShellScriptBuildPhase;
			buildActionMask = 2147483647;
			files = (
			);
			inputFileListPaths = (
			);
			inputPaths = (
				"${PODS_PODFILE_DIR_PATH}/Podfile.lock",
				"${PODS_ROOT}/Manifest.lock",
			);
			name = "[CP] Check Pods Manifest.lock";
			outputFileListPaths = (
			);
			outputPaths = (
				"$(DERIVED_FILE_DIR)/Pods-AppStoreSearchDemoCoreTests-checkManifestLockResult.txt",
			);
			runOnlyForDeploymentPostprocessing = 0;
			shellPath = /bin/sh;
			shellScript = "diff \"${PODS_PODFILE_DIR_PATH}/Podfile.lock\" \"${PODS_ROOT}/Manifest.lock\" > /dev/null\nif [ $? != 0 ] ; then\n    # print error to STDERR\n    echo \"error: The sandbox is not in sync with the Podfile.lock. Run 'pod install' or update your CocoaPods installation.\" >&2\n    exit 1\nfi\n# This output is used by Xcode 'outputs' to avoid re-running this script phase.\necho \"SUCCESS\" > \"${SCRIPT_OUTPUT_FILE_0}\"\n";
			showEnvVarsInLog = 0;
		};
		53D477A8BA18F492FDE725C2 /* [CP] Check Pods Manifest.lock */ = {
			isa = PBXShellScriptBuildPhase;
			buildActionMask = 2147483647;
			files = (
			);
			inputFileListPaths = (
			);
			inputPaths = (
				"${PODS_PODFILE_DIR_PATH}/Podfile.lock",
				"${PODS_ROOT}/Manifest.lock",
			);
			name = "[CP] Check Pods Manifest.lock";
			outputFileListPaths = (
			);
			outputPaths = (
				"$(DERIVED_FILE_DIR)/Pods-AppStoreSearchDemo-checkManifestLockResult.txt",
			);
			runOnlyForDeploymentPostprocessing = 0;
			shellPath = /bin/sh;
			shellScript = "diff \"${PODS_PODFILE_DIR_PATH}/Podfile.lock\" \"${PODS_ROOT}/Manifest.lock\" > /dev/null\nif [ $? != 0 ] ; then\n    # print error to STDERR\n    echo \"error: The sandbox is not in sync with the Podfile.lock. Run 'pod install' or update your CocoaPods installation.\" >&2\n    exit 1\nfi\n# This output is used by Xcode 'outputs' to avoid re-running this script phase.\necho \"SUCCESS\" > \"${SCRIPT_OUTPUT_FILE_0}\"\n";
			showEnvVarsInLog = 0;
		};
		91355E29D232B62488C51925 /* [CP] Check Pods Manifest.lock */ = {
			isa = PBXShellScriptBuildPhase;
			buildActionMask = 2147483647;
			files = (
			);
			inputFileListPaths = (
			);
			inputPaths = (
				"${PODS_PODFILE_DIR_PATH}/Podfile.lock",
				"${PODS_ROOT}/Manifest.lock",
			);
			name = "[CP] Check Pods Manifest.lock";
			outputFileListPaths = (
			);
			outputPaths = (
				"$(DERIVED_FILE_DIR)/Pods-AppStoreSearchDemoCore-checkManifestLockResult.txt",
			);
			runOnlyForDeploymentPostprocessing = 0;
			shellPath = /bin/sh;
			shellScript = "diff \"${PODS_PODFILE_DIR_PATH}/Podfile.lock\" \"${PODS_ROOT}/Manifest.lock\" > /dev/null\nif [ $? != 0 ] ; then\n    # print error to STDERR\n    echo \"error: The sandbox is not in sync with the Podfile.lock. Run 'pod install' or update your CocoaPods installation.\" >&2\n    exit 1\nfi\n# This output is used by Xcode 'outputs' to avoid re-running this script phase.\necho \"SUCCESS\" > \"${SCRIPT_OUTPUT_FILE_0}\"\n";
			showEnvVarsInLog = 0;
		};
		D0AF0DD78522B513B64D1F4C /* [CP] Embed Pods Frameworks */ = {
			isa = PBXShellScriptBuildPhase;
			buildActionMask = 2147483647;
			files = (
			);
			inputFileListPaths = (
				"${PODS_ROOT}/Target Support Files/Pods-AppStoreSearchDemo/Pods-AppStoreSearchDemo-frameworks-${CONFIGURATION}-input-files.xcfilelist",
			);
			name = "[CP] Embed Pods Frameworks";
			outputFileListPaths = (
				"${PODS_ROOT}/Target Support Files/Pods-AppStoreSearchDemo/Pods-AppStoreSearchDemo-frameworks-${CONFIGURATION}-output-files.xcfilelist",
			);
			runOnlyForDeploymentPostprocessing = 0;
			shellPath = /bin/sh;
			shellScript = "\"${PODS_ROOT}/Target Support Files/Pods-AppStoreSearchDemo/Pods-AppStoreSearchDemo-frameworks.sh\"\n";
			showEnvVarsInLog = 0;
		};
		D0E258B990FB2ECE8B45C647 /* [CP] Embed Pods Frameworks */ = {
			isa = PBXShellScriptBuildPhase;
			buildActionMask = 2147483647;
			files = (
			);
			inputFileListPaths = (
				"${PODS_ROOT}/Target Support Files/Pods-AppStoreSearchDemoCoreTests/Pods-AppStoreSearchDemoCoreTests-frameworks-${CONFIGURATION}-input-files.xcfilelist",
			);
			name = "[CP] Embed Pods Frameworks";
			outputFileListPaths = (
				"${PODS_ROOT}/Target Support Files/Pods-AppStoreSearchDemoCoreTests/Pods-AppStoreSearchDemoCoreTests-frameworks-${CONFIGURATION}-output-files.xcfilelist",
			);
			runOnlyForDeploymentPostprocessing = 0;
			shellPath = /bin/sh;
			shellScript = "\"${PODS_ROOT}/Target Support Files/Pods-AppStoreSearchDemoCoreTests/Pods-AppStoreSearchDemoCoreTests-frameworks.sh\"\n";
			showEnvVarsInLog = 0;
		};
/* End PBXShellScriptBuildPhase section */

/* Begin PBXSourcesBuildPhase section */
		4FC29B5526BA360C001AADAB /* Sources */ = {
			isa = PBXSourcesBuildPhase;
			buildActionMask = 2147483647;
			files = (
				4F27CAFA26C3F109004116C2 /* RecentsViewController.swift in Sources */,
				4F9350F026C5BBA700F90505 /* UICollectionViewCell+reuseIdentifer.swift in Sources */,
				4FC29B6126BA360C001AADAB /* ViewController.swift in Sources */,
				4F27CB1B26C404C7004116C2 /* SearchItemModel.swift in Sources */,
				4F9350E026C5B7F600F90505 /* DetailsPreviewsContentViewModel.swift in Sources */,
				4F27CAEB26C3ECA8004116C2 /* SearchStep.swift in Sources */,
				4F9350CA26C5A46C00F90505 /* DetailsSectionModel.swift in Sources */,
				4F3A4B3E26C26066005B4922 /* AppStep.swift in Sources */,
				4F9350DC26C5B68300F90505 /* DetailsPreviewContentView.swift in Sources */,
				4F9350DA26C5B65D00F90505 /* DetailsPreviewConfiguration.swift in Sources */,
				4F9350E626C5B88D00F90505 /* DetailsPreviewsSectionModel.swift in Sources */,
				4F9350C126C5991700F90505 /* SearchSoftwareInfoConfiguration.swift in Sources */,
				4F27CAED26C3ECAF004116C2 /* SearchStepper.swift in Sources */,
				4F27CAFE26C3F2CF004116C2 /* SearchService.swift in Sources */,
				4F4F3CEC26C4FA9B0031343C /* Observable+withOnlyUnretained.swift in Sources */,
				4F9350CE26C5A7DA00F90505 /* DetailsIntroConfiguration.swift in Sources */,
				4F9350EE26C5BB8100F90505 /* UICollectionView+register.swift in Sources */,
				4F9350BD26C58DBE00F90505 /* RecentsItemModel.swift in Sources */,
				4F9350C526C59A7100F90505 /* UIView+removeAllSubviews.swift in Sources */,
				4F3A4B4026C265D2005B4922 /* AppStepper.swift in Sources */,
				4F27CB0B26C3F8F5004116C2 /* DetailsFlow.swift in Sources */,
				4F27CAE726C3EC76004116C2 /* SearchViewController.swift in Sources */,
				4F9350D626C5B2B200F90505 /* DetailsPreviewsContentView.swift in Sources */,
				4F4F3CE726C4F4D50031343C /* UITableView+register.swift in Sources */,
				4F9350D426C5B24700F90505 /* DetailsPreviewsConfiguration.swift in Sources */,
				4F9350C326C5993E00F90505 /* SearchSoftwareInfoContentView.swift in Sources */,
				4F27CAF226C3EF8B004116C2 /* UIViewController+loadFromNib.swift in Sources */,
				4F3A4B4626C266E4005B4922 /* TabBarFlow.swift in Sources */,
				4F9350D026C5A80100F90505 /* DetailsIntroContentView.swift in Sources */,
				4F27CB1526C40089004116C2 /* DetailsViewModel.swift in Sources */,
				4F27CB0F26C3F908004116C2 /* DetailsStepper.swift in Sources */,
				4F4F3CE426C4F48A0031343C /* UITableViewCell+reuseIdentifier.swift in Sources */,
				4F3A4B3C26C25DC9005B4922 /* AppFlow.swift in Sources */,
				4F27CAF526C3F01C004116C2 /* UIView+loadFromNib.swift in Sources */,
				4FC29B5D26BA360C001AADAB /* AppDelegate.swift in Sources */,
				4F27CB1926C4046D004116C2 /* SearchSectionModel.swift in Sources */,
				4F3A4B4826C26754005B4922 /* TabBarStep.swift in Sources */,
				4F9350BB26C58D8400F90505 /* RecentsSectionModel.swift in Sources */,
				4F27CB0526C3F603004116C2 /* Stepable.swift in Sources */,
				4F27CB1126C3FB5E004116C2 /* SearchViewModel.swift in Sources */,
				4F27CAE926C3EC99004116C2 /* SearchFlow.swift in Sources */,
				4F27CB0126C3F3E6004116C2 /* AppService.swift in Sources */,
				4F27CB0326C3F4B1004116C2 /* RecentsViewModel.swift in Sources */,
				4F27CB0D26C3F900004116C2 /* DetailsStep.swift in Sources */,
				4F9350E826C5B8DC00F90505 /* DetailsPreviewsItemModel.swift in Sources */,
				4F27CB0826C3F8D0004116C2 /* DetailsViewController.swift in Sources */,
				4F9350CC26C5A4DD00F90505 /* DetailsItemModel.swift in Sources */,
			);
			runOnlyForDeploymentPostprocessing = 0;
		};
		4FC29B7526BA3610001AADAB /* Sources */ = {
			isa = PBXSourcesBuildPhase;
			buildActionMask = 2147483647;
			files = (
				F32524D426BA726F00CD64A0 /* AppStoreSearchDemoUITests.swift in Sources */,
			);
			runOnlyForDeploymentPostprocessing = 0;
		};
		4FC29B8B26BA385C001AADAB /* Sources */ = {
			isa = PBXSourcesBuildPhase;
			buildActionMask = 2147483647;
			files = (
				4F6ACF8B26C115C200141987 /* SoftwareInfo.swift in Sources */,
				F32524C726BA66E100CD64A0 /* NetworkImpl.swift in Sources */,
				F301DB0926BBC9A700392276 /* ITSServiceType.swift in Sources */,
				4F6ACF9E26C126FC00141987 /* CreateRecentKeywordUseCase.swift in Sources */,
				F32524DE26BA7B6E00CD64A0 /* LocalRealmImpl.swift in Sources */,
				4F6ACF9A26C1239C00141987 /* RecentKeywordRepositoryImpl.swift in Sources */,
				F32524DC26BA7B6800CD64A0 /* LocalRealm.swift in Sources */,
				4F6ACF8926C1137900141987 /* ITSServiceRepository.swift in Sources */,
				4F6ACF9C26C1245C00141987 /* GetRecentKeywordUseCase.swift in Sources */,
				4F6ACFA026C1275000141987 /* ObserveRecentKeywordUseCase.swift in Sources */,
				F301DB0B26BBD60500392276 /* RecentKeyword.swift in Sources */,
				F32524C426BA66CA00CD64A0 /* Network.swift in Sources */,
				4F6ACF9126C11EED00141987 /* ITSServiceRepositoryImpl.swift in Sources */,
				F32524D226BA71B400CD64A0 /* Log.swift in Sources */,
				4F6ACF9826C1219000141987 /* RecentKeywordRepository.swift in Sources */,
				4F6ACF8E26C119D100141987 /* SoftwareInfoDTO.swift in Sources */,
				4F6ACF9626C1212400141987 /* GetSoftwareInfosUseCase.swift in Sources */,
				F32524E026BA8DB900CD64A0 /* Results+objects.swift in Sources */,
			);
			runOnlyForDeploymentPostprocessing = 0;
		};
		4FC29B9226BA385C001AADAB /* Sources */ = {
			isa = PBXSourcesBuildPhase;
			buildActionMask = 2147483647;
			files = (
				F32524E426BA905000CD64A0 /* RecentKeywordTest.swift in Sources */,
				4F6ACF9326C11FFF00141987 /* ITSServiceRepositoryTest.swift in Sources */,
				4F6ACFB726C12CCB00141987 /* ObserveRecentKeywordUseCaseTest.swift in Sources */,
				4F6ACFB526C12C8B00141987 /* CreateRecentKeywordUseCaseTest.swift in Sources */,
				4F6ACFAF26C12A3100141987 /* RecentKeywordRepositoryTest.swift in Sources */,
				4F6ACFB326C12C5600141987 /* GetRecentKeywordUseCaseTest.swift in Sources */,
				4F6ACFB126C12BD600141987 /* GetSoftwareInfosUseCaseTest.swift in Sources */,
				F32524CF26BA6E3F00CD64A0 /* ITSServiceNetworkTest.swift in Sources */,
				4F6ACFA826C127D100141987 /* SoftwareInfoDTOTest.swift in Sources */,
			);
			runOnlyForDeploymentPostprocessing = 0;
		};
/* End PBXSourcesBuildPhase section */

/* Begin PBXTargetDependency section */
		4FC29B7B26BA3610001AADAB /* PBXTargetDependency */ = {
			isa = PBXTargetDependency;
			target = 4FC29B5826BA360C001AADAB /* AppStoreSearchDemo */;
			targetProxy = 4FC29B7A26BA3610001AADAB /* PBXContainerItemProxy */;
		};
		4FC29B9926BA385C001AADAB /* PBXTargetDependency */ = {
			isa = PBXTargetDependency;
			target = 4FC29B8E26BA385C001AADAB /* AppStoreSearchDemoCore */;
			targetProxy = 4FC29B9826BA385C001AADAB /* PBXContainerItemProxy */;
		};
		4FC29B9B26BA385C001AADAB /* PBXTargetDependency */ = {
			isa = PBXTargetDependency;
			target = 4FC29B5826BA360C001AADAB /* AppStoreSearchDemo */;
			targetProxy = 4FC29B9A26BA385C001AADAB /* PBXContainerItemProxy */;
		};
		4FC29BA126BA385C001AADAB /* PBXTargetDependency */ = {
			isa = PBXTargetDependency;
			target = 4FC29B8E26BA385C001AADAB /* AppStoreSearchDemoCore */;
			targetProxy = 4FC29BA026BA385C001AADAB /* PBXContainerItemProxy */;
		};
/* End PBXTargetDependency section */

/* Begin PBXVariantGroup section */
		4FC29B6726BA360F001AADAB /* LaunchScreen.storyboard */ = {
			isa = PBXVariantGroup;
			children = (
				4FC29B6826BA360F001AADAB /* Base */,
			);
			name = LaunchScreen.storyboard;
			sourceTree = "<group>";
		};
/* End PBXVariantGroup section */

/* Begin XCBuildConfiguration section */
		4FC29B7F26BA3610001AADAB /* Debug */ = {
			isa = XCBuildConfiguration;
			buildSettings = {
				ALWAYS_SEARCH_USER_PATHS = NO;
				CLANG_ANALYZER_NONNULL = YES;
				CLANG_ANALYZER_NUMBER_OBJECT_CONVERSION = YES_AGGRESSIVE;
				CLANG_CXX_LANGUAGE_STANDARD = "gnu++17";
				CLANG_CXX_LIBRARY = "libc++";
				CLANG_ENABLE_MODULES = YES;
				CLANG_ENABLE_OBJC_ARC = YES;
				CLANG_ENABLE_OBJC_WEAK = YES;
				CLANG_WARN_BLOCK_CAPTURE_AUTORELEASING = YES;
				CLANG_WARN_BOOL_CONVERSION = YES;
				CLANG_WARN_COMMA = YES;
				CLANG_WARN_CONSTANT_CONVERSION = YES;
				CLANG_WARN_DEPRECATED_OBJC_IMPLEMENTATIONS = YES;
				CLANG_WARN_DIRECT_OBJC_ISA_USAGE = YES_ERROR;
				CLANG_WARN_DOCUMENTATION_COMMENTS = YES;
				CLANG_WARN_EMPTY_BODY = YES;
				CLANG_WARN_ENUM_CONVERSION = YES;
				CLANG_WARN_INFINITE_RECURSION = YES;
				CLANG_WARN_INT_CONVERSION = YES;
				CLANG_WARN_NON_LITERAL_NULL_CONVERSION = YES;
				CLANG_WARN_OBJC_IMPLICIT_RETAIN_SELF = YES;
				CLANG_WARN_OBJC_LITERAL_CONVERSION = YES;
				CLANG_WARN_OBJC_ROOT_CLASS = YES_ERROR;
				CLANG_WARN_QUOTED_INCLUDE_IN_FRAMEWORK_HEADER = YES;
				CLANG_WARN_RANGE_LOOP_ANALYSIS = YES;
				CLANG_WARN_STRICT_PROTOTYPES = YES;
				CLANG_WARN_SUSPICIOUS_MOVE = YES;
				CLANG_WARN_UNGUARDED_AVAILABILITY = YES_AGGRESSIVE;
				CLANG_WARN_UNREACHABLE_CODE = YES;
				CLANG_WARN__DUPLICATE_METHOD_MATCH = YES;
				COPY_PHASE_STRIP = NO;
				DEBUG_INFORMATION_FORMAT = dwarf;
				ENABLE_STRICT_OBJC_MSGSEND = YES;
				ENABLE_TESTABILITY = YES;
				GCC_C_LANGUAGE_STANDARD = gnu11;
				GCC_DYNAMIC_NO_PIC = NO;
				GCC_NO_COMMON_BLOCKS = YES;
				GCC_OPTIMIZATION_LEVEL = 0;
				GCC_PREPROCESSOR_DEFINITIONS = (
					"DEBUG=1",
					"$(inherited)",
				);
				GCC_WARN_64_TO_32_BIT_CONVERSION = YES;
				GCC_WARN_ABOUT_RETURN_TYPE = YES_ERROR;
				GCC_WARN_UNDECLARED_SELECTOR = YES;
				GCC_WARN_UNINITIALIZED_AUTOS = YES_AGGRESSIVE;
				GCC_WARN_UNUSED_FUNCTION = YES;
				GCC_WARN_UNUSED_VARIABLE = YES;
				IPHONEOS_DEPLOYMENT_TARGET = 11.0;
				MTL_ENABLE_DEBUG_INFO = INCLUDE_SOURCE;
				MTL_FAST_MATH = YES;
				ONLY_ACTIVE_ARCH = YES;
				SDKROOT = iphoneos;
				SWIFT_ACTIVE_COMPILATION_CONDITIONS = DEBUG;
				SWIFT_OPTIMIZATION_LEVEL = "-Onone";
			};
			name = Debug;
		};
		4FC29B8026BA3610001AADAB /* Release */ = {
			isa = XCBuildConfiguration;
			buildSettings = {
				ALWAYS_SEARCH_USER_PATHS = NO;
				CLANG_ANALYZER_NONNULL = YES;
				CLANG_ANALYZER_NUMBER_OBJECT_CONVERSION = YES_AGGRESSIVE;
				CLANG_CXX_LANGUAGE_STANDARD = "gnu++17";
				CLANG_CXX_LIBRARY = "libc++";
				CLANG_ENABLE_MODULES = YES;
				CLANG_ENABLE_OBJC_ARC = YES;
				CLANG_ENABLE_OBJC_WEAK = YES;
				CLANG_WARN_BLOCK_CAPTURE_AUTORELEASING = YES;
				CLANG_WARN_BOOL_CONVERSION = YES;
				CLANG_WARN_COMMA = YES;
				CLANG_WARN_CONSTANT_CONVERSION = YES;
				CLANG_WARN_DEPRECATED_OBJC_IMPLEMENTATIONS = YES;
				CLANG_WARN_DIRECT_OBJC_ISA_USAGE = YES_ERROR;
				CLANG_WARN_DOCUMENTATION_COMMENTS = YES;
				CLANG_WARN_EMPTY_BODY = YES;
				CLANG_WARN_ENUM_CONVERSION = YES;
				CLANG_WARN_INFINITE_RECURSION = YES;
				CLANG_WARN_INT_CONVERSION = YES;
				CLANG_WARN_NON_LITERAL_NULL_CONVERSION = YES;
				CLANG_WARN_OBJC_IMPLICIT_RETAIN_SELF = YES;
				CLANG_WARN_OBJC_LITERAL_CONVERSION = YES;
				CLANG_WARN_OBJC_ROOT_CLASS = YES_ERROR;
				CLANG_WARN_QUOTED_INCLUDE_IN_FRAMEWORK_HEADER = YES;
				CLANG_WARN_RANGE_LOOP_ANALYSIS = YES;
				CLANG_WARN_STRICT_PROTOTYPES = YES;
				CLANG_WARN_SUSPICIOUS_MOVE = YES;
				CLANG_WARN_UNGUARDED_AVAILABILITY = YES_AGGRESSIVE;
				CLANG_WARN_UNREACHABLE_CODE = YES;
				CLANG_WARN__DUPLICATE_METHOD_MATCH = YES;
				COPY_PHASE_STRIP = NO;
				DEBUG_INFORMATION_FORMAT = "dwarf-with-dsym";
				ENABLE_NS_ASSERTIONS = NO;
				ENABLE_STRICT_OBJC_MSGSEND = YES;
				GCC_C_LANGUAGE_STANDARD = gnu11;
				GCC_NO_COMMON_BLOCKS = YES;
				GCC_WARN_64_TO_32_BIT_CONVERSION = YES;
				GCC_WARN_ABOUT_RETURN_TYPE = YES_ERROR;
				GCC_WARN_UNDECLARED_SELECTOR = YES;
				GCC_WARN_UNINITIALIZED_AUTOS = YES_AGGRESSIVE;
				GCC_WARN_UNUSED_FUNCTION = YES;
				GCC_WARN_UNUSED_VARIABLE = YES;
				IPHONEOS_DEPLOYMENT_TARGET = 11.0;
				MTL_ENABLE_DEBUG_INFO = NO;
				MTL_FAST_MATH = YES;
				SDKROOT = iphoneos;
				SWIFT_COMPILATION_MODE = wholemodule;
				SWIFT_OPTIMIZATION_LEVEL = "-O";
				VALIDATE_PRODUCT = YES;
			};
			name = Release;
		};
		4FC29B8226BA3610001AADAB /* Debug */ = {
			isa = XCBuildConfiguration;
			baseConfigurationReference = 5FC94C6EFAFF5FFA6EE72514 /* Pods-AppStoreSearchDemo.debug.xcconfig */;
			buildSettings = {
				ALWAYS_EMBED_SWIFT_STANDARD_LIBRARIES = YES;
				ASSETCATALOG_COMPILER_APPICON_NAME = AppIcon;
				ASSETCATALOG_COMPILER_GLOBAL_ACCENT_COLOR_NAME = AccentColor;
				CODE_SIGN_STYLE = Automatic;
				CURRENT_PROJECT_VERSION = 1;
				DEVELOPMENT_TEAM = P53D29U9LJ;
				GENERATE_INFOPLIST_FILE = YES;
				INFOPLIST_FILE = AppStoreSearchDemo/Info.plist;
				INFOPLIST_KEY_UIApplicationSupportsIndirectInputEvents = YES;
				INFOPLIST_KEY_UILaunchStoryboardName = LaunchScreen;
				INFOPLIST_KEY_UIMainStoryboardFile = Main;
				INFOPLIST_KEY_UISupportedInterfaceOrientations_iPad = "UIInterfaceOrientationPortrait UIInterfaceOrientationPortraitUpsideDown UIInterfaceOrientationLandscapeLeft UIInterfaceOrientationLandscapeRight";
				INFOPLIST_KEY_UISupportedInterfaceOrientations_iPhone = "UIInterfaceOrientationPortrait UIInterfaceOrientationLandscapeLeft UIInterfaceOrientationLandscapeRight";
				IPHONEOS_DEPLOYMENT_TARGET = 11.0;
				LD_RUNPATH_SEARCH_PATHS = (
					"$(inherited)",
					"@executable_path/Frameworks",
				);
				MARKETING_VERSION = 1.0;
				PRODUCT_BUNDLE_IDENTIFIER = com.pookjw.AppStoreSearchDemo;
				PRODUCT_NAME = "$(TARGET_NAME)";
				SWIFT_EMIT_LOC_STRINGS = YES;
				SWIFT_VERSION = 5.0;
				TARGETED_DEVICE_FAMILY = "1,2";
			};
			name = Debug;
		};
		4FC29B8326BA3610001AADAB /* Release */ = {
			isa = XCBuildConfiguration;
			baseConfigurationReference = EAC86E3F7C910E2CB508AC8D /* Pods-AppStoreSearchDemo.release.xcconfig */;
			buildSettings = {
				ALWAYS_EMBED_SWIFT_STANDARD_LIBRARIES = YES;
				ASSETCATALOG_COMPILER_APPICON_NAME = AppIcon;
				ASSETCATALOG_COMPILER_GLOBAL_ACCENT_COLOR_NAME = AccentColor;
				CODE_SIGN_STYLE = Automatic;
				CURRENT_PROJECT_VERSION = 1;
				DEVELOPMENT_TEAM = P53D29U9LJ;
				GENERATE_INFOPLIST_FILE = YES;
				INFOPLIST_FILE = AppStoreSearchDemo/Info.plist;
				INFOPLIST_KEY_UIApplicationSupportsIndirectInputEvents = YES;
				INFOPLIST_KEY_UILaunchStoryboardName = LaunchScreen;
				INFOPLIST_KEY_UIMainStoryboardFile = Main;
				INFOPLIST_KEY_UISupportedInterfaceOrientations_iPad = "UIInterfaceOrientationPortrait UIInterfaceOrientationPortraitUpsideDown UIInterfaceOrientationLandscapeLeft UIInterfaceOrientationLandscapeRight";
				INFOPLIST_KEY_UISupportedInterfaceOrientations_iPhone = "UIInterfaceOrientationPortrait UIInterfaceOrientationLandscapeLeft UIInterfaceOrientationLandscapeRight";
				IPHONEOS_DEPLOYMENT_TARGET = 11.0;
				LD_RUNPATH_SEARCH_PATHS = (
					"$(inherited)",
					"@executable_path/Frameworks",
				);
				MARKETING_VERSION = 1.0;
				PRODUCT_BUNDLE_IDENTIFIER = com.pookjw.AppStoreSearchDemo;
				PRODUCT_NAME = "$(TARGET_NAME)";
				SWIFT_EMIT_LOC_STRINGS = YES;
				SWIFT_VERSION = 5.0;
				TARGETED_DEVICE_FAMILY = "1,2";
			};
			name = Release;
		};
		4FC29B8826BA3610001AADAB /* Debug */ = {
			isa = XCBuildConfiguration;
			buildSettings = {
				ALWAYS_EMBED_SWIFT_STANDARD_LIBRARIES = YES;
				CLANG_ENABLE_MODULES = YES;
				CODE_SIGN_STYLE = Automatic;
				CURRENT_PROJECT_VERSION = 1;
				DEVELOPMENT_TEAM = P53D29U9LJ;
				GENERATE_INFOPLIST_FILE = YES;
				LD_RUNPATH_SEARCH_PATHS = (
					"$(inherited)",
					"@executable_path/Frameworks",
					"@loader_path/Frameworks",
				);
				MARKETING_VERSION = 1.0;
				PRODUCT_BUNDLE_IDENTIFIER = com.pookjw.AppStoreSearchDemoUITests;
				PRODUCT_NAME = "$(TARGET_NAME)";
				SWIFT_EMIT_LOC_STRINGS = NO;
				SWIFT_OPTIMIZATION_LEVEL = "-Onone";
				SWIFT_VERSION = 5.0;
				TARGETED_DEVICE_FAMILY = "1,2";
				TEST_TARGET_NAME = AppStoreSearchDemo;
			};
			name = Debug;
		};
		4FC29B8926BA3610001AADAB /* Release */ = {
			isa = XCBuildConfiguration;
			buildSettings = {
				ALWAYS_EMBED_SWIFT_STANDARD_LIBRARIES = YES;
				CLANG_ENABLE_MODULES = YES;
				CODE_SIGN_STYLE = Automatic;
				CURRENT_PROJECT_VERSION = 1;
				DEVELOPMENT_TEAM = P53D29U9LJ;
				GENERATE_INFOPLIST_FILE = YES;
				LD_RUNPATH_SEARCH_PATHS = (
					"$(inherited)",
					"@executable_path/Frameworks",
					"@loader_path/Frameworks",
				);
				MARKETING_VERSION = 1.0;
				PRODUCT_BUNDLE_IDENTIFIER = com.pookjw.AppStoreSearchDemoUITests;
				PRODUCT_NAME = "$(TARGET_NAME)";
				SWIFT_EMIT_LOC_STRINGS = NO;
				SWIFT_VERSION = 5.0;
				TARGETED_DEVICE_FAMILY = "1,2";
				TEST_TARGET_NAME = AppStoreSearchDemo;
			};
			name = Release;
		};
		4FC29BA526BA385C001AADAB /* Debug */ = {
			isa = XCBuildConfiguration;
			baseConfigurationReference = 51556684F1AC4D0EB257BEED /* Pods-AppStoreSearchDemoCore.debug.xcconfig */;
			buildSettings = {
				CLANG_ENABLE_MODULES = YES;
				CODE_SIGN_STYLE = Automatic;
				CURRENT_PROJECT_VERSION = 1;
				DEFINES_MODULE = YES;
				DEVELOPMENT_TEAM = P53D29U9LJ;
				DYLIB_COMPATIBILITY_VERSION = 1;
				DYLIB_CURRENT_VERSION = 1;
				DYLIB_INSTALL_NAME_BASE = "@rpath";
				GENERATE_INFOPLIST_FILE = YES;
				INFOPLIST_KEY_NSHumanReadableCopyright = "";
				INSTALL_PATH = "$(LOCAL_LIBRARY_DIR)/Frameworks";
				IPHONEOS_DEPLOYMENT_TARGET = 11.0;
				LD_RUNPATH_SEARCH_PATHS = (
					"$(inherited)",
					"@executable_path/Frameworks",
					"@loader_path/Frameworks",
				);
				MARKETING_VERSION = 1.0;
				PRODUCT_BUNDLE_IDENTIFIER = com.pookjw.AppStoreSearchDemoCore;
				PRODUCT_NAME = "$(TARGET_NAME:c99extidentifier)";
				SKIP_INSTALL = YES;
				SUPPORTS_MACCATALYST = NO;
				SWIFT_EMIT_LOC_STRINGS = YES;
				SWIFT_OPTIMIZATION_LEVEL = "-Onone";
				SWIFT_VERSION = 5.0;
				TARGETED_DEVICE_FAMILY = "1,2";
				VERSIONING_SYSTEM = "apple-generic";
				VERSION_INFO_PREFIX = "";
			};
			name = Debug;
		};
		4FC29BA626BA385C001AADAB /* Release */ = {
			isa = XCBuildConfiguration;
			baseConfigurationReference = 01C07BCED67E0B64ABA813FD /* Pods-AppStoreSearchDemoCore.release.xcconfig */;
			buildSettings = {
				CLANG_ENABLE_MODULES = YES;
				CODE_SIGN_STYLE = Automatic;
				CURRENT_PROJECT_VERSION = 1;
				DEFINES_MODULE = YES;
				DEVELOPMENT_TEAM = P53D29U9LJ;
				DYLIB_COMPATIBILITY_VERSION = 1;
				DYLIB_CURRENT_VERSION = 1;
				DYLIB_INSTALL_NAME_BASE = "@rpath";
				GENERATE_INFOPLIST_FILE = YES;
				INFOPLIST_KEY_NSHumanReadableCopyright = "";
				INSTALL_PATH = "$(LOCAL_LIBRARY_DIR)/Frameworks";
				IPHONEOS_DEPLOYMENT_TARGET = 11.0;
				LD_RUNPATH_SEARCH_PATHS = (
					"$(inherited)",
					"@executable_path/Frameworks",
					"@loader_path/Frameworks",
				);
				MARKETING_VERSION = 1.0;
				PRODUCT_BUNDLE_IDENTIFIER = com.pookjw.AppStoreSearchDemoCore;
				PRODUCT_NAME = "$(TARGET_NAME:c99extidentifier)";
				SKIP_INSTALL = YES;
				SUPPORTS_MACCATALYST = NO;
				SWIFT_EMIT_LOC_STRINGS = YES;
				SWIFT_VERSION = 5.0;
				TARGETED_DEVICE_FAMILY = "1,2";
				VERSIONING_SYSTEM = "apple-generic";
				VERSION_INFO_PREFIX = "";
			};
			name = Release;
		};
		4FC29BA926BA385C001AADAB /* Debug */ = {
			isa = XCBuildConfiguration;
			baseConfigurationReference = 31C6A9131AF0900CF015D926 /* Pods-AppStoreSearchDemoCoreTests.debug.xcconfig */;
			buildSettings = {
				ALWAYS_EMBED_SWIFT_STANDARD_LIBRARIES = YES;
				CLANG_ENABLE_MODULES = YES;
				CODE_SIGN_STYLE = Automatic;
				CURRENT_PROJECT_VERSION = 1;
				DEVELOPMENT_TEAM = P53D29U9LJ;
				GENERATE_INFOPLIST_FILE = YES;
				IPHONEOS_DEPLOYMENT_TARGET = 11.0;
				LD_RUNPATH_SEARCH_PATHS = (
					"$(inherited)",
					"@executable_path/Frameworks",
					"@loader_path/Frameworks",
				);
				MARKETING_VERSION = 1.0;
				PRODUCT_BUNDLE_IDENTIFIER = com.pookjw.AppStoreSearchDemoCoreTests;
				PRODUCT_NAME = "$(TARGET_NAME)";
				SWIFT_EMIT_LOC_STRINGS = NO;
				SWIFT_OPTIMIZATION_LEVEL = "-Onone";
				SWIFT_VERSION = 5.0;
				TARGETED_DEVICE_FAMILY = "1,2";
				TEST_HOST = "$(BUILT_PRODUCTS_DIR)/AppStoreSearchDemo.app/AppStoreSearchDemo";
			};
			name = Debug;
		};
		4FC29BAA26BA385C001AADAB /* Release */ = {
			isa = XCBuildConfiguration;
			baseConfigurationReference = 8A03AA6E33FBF7B70DA14F6E /* Pods-AppStoreSearchDemoCoreTests.release.xcconfig */;
			buildSettings = {
				ALWAYS_EMBED_SWIFT_STANDARD_LIBRARIES = YES;
				CLANG_ENABLE_MODULES = YES;
				CODE_SIGN_STYLE = Automatic;
				CURRENT_PROJECT_VERSION = 1;
				DEVELOPMENT_TEAM = P53D29U9LJ;
				GENERATE_INFOPLIST_FILE = YES;
				IPHONEOS_DEPLOYMENT_TARGET = 11.0;
				LD_RUNPATH_SEARCH_PATHS = (
					"$(inherited)",
					"@executable_path/Frameworks",
					"@loader_path/Frameworks",
				);
				MARKETING_VERSION = 1.0;
				PRODUCT_BUNDLE_IDENTIFIER = com.pookjw.AppStoreSearchDemoCoreTests;
				PRODUCT_NAME = "$(TARGET_NAME)";
				SWIFT_EMIT_LOC_STRINGS = NO;
				SWIFT_VERSION = 5.0;
				TARGETED_DEVICE_FAMILY = "1,2";
				TEST_HOST = "$(BUILT_PRODUCTS_DIR)/AppStoreSearchDemo.app/AppStoreSearchDemo";
			};
			name = Release;
		};
/* End XCBuildConfiguration section */

/* Begin XCConfigurationList section */
		4FC29B5426BA360C001AADAB /* Build configuration list for PBXProject "AppStoreSearchDemo" */ = {
			isa = XCConfigurationList;
			buildConfigurations = (
				4FC29B7F26BA3610001AADAB /* Debug */,
				4FC29B8026BA3610001AADAB /* Release */,
			);
			defaultConfigurationIsVisible = 0;
			defaultConfigurationName = Release;
		};
		4FC29B8126BA3610001AADAB /* Build configuration list for PBXNativeTarget "AppStoreSearchDemo" */ = {
			isa = XCConfigurationList;
			buildConfigurations = (
				4FC29B8226BA3610001AADAB /* Debug */,
				4FC29B8326BA3610001AADAB /* Release */,
			);
			defaultConfigurationIsVisible = 0;
			defaultConfigurationName = Release;
		};
		4FC29B8726BA3610001AADAB /* Build configuration list for PBXNativeTarget "AppStoreSearchDemoUITests" */ = {
			isa = XCConfigurationList;
			buildConfigurations = (
				4FC29B8826BA3610001AADAB /* Debug */,
				4FC29B8926BA3610001AADAB /* Release */,
			);
			defaultConfigurationIsVisible = 0;
			defaultConfigurationName = Release;
		};
		4FC29BA426BA385C001AADAB /* Build configuration list for PBXNativeTarget "AppStoreSearchDemoCore" */ = {
			isa = XCConfigurationList;
			buildConfigurations = (
				4FC29BA526BA385C001AADAB /* Debug */,
				4FC29BA626BA385C001AADAB /* Release */,
			);
			defaultConfigurationIsVisible = 0;
			defaultConfigurationName = Release;
		};
		4FC29BA826BA385C001AADAB /* Build configuration list for PBXNativeTarget "AppStoreSearchDemoCoreTests" */ = {
			isa = XCConfigurationList;
			buildConfigurations = (
				4FC29BA926BA385C001AADAB /* Debug */,
				4FC29BAA26BA385C001AADAB /* Release */,
			);
			defaultConfigurationIsVisible = 0;
			defaultConfigurationName = Release;
		};
/* End XCConfigurationList section */
	};
	rootObject = 4FC29B5126BA360C001AADAB /* Project object */;
}
